
Microsoft Visual Studio Solution File, Format Version 12.00
# Visual Studio Version 17
VisualStudioVersion = 17.1.32228.430
MinimumVisualStudioVersion = 10.0.40219.1
Project("{9A19103F-16F7-4668-BE54-9A1E7A4F7556}") = "Algorithm", "Algorithm\Algorithm.csproj", "{DCAA819A-D195-4E52-B9FC-AEF33D0E65B1}"
EndProject
Project("{9A19103F-16F7-4668-BE54-9A1E7A4F7556}") = "Zipper", "Zipper\Zipper.csproj", "{8AD9D4B5-D87A-48F5-997B-A1CD6522F733}"
EndProject
Project("{9A19103F-16F7-4668-BE54-9A1E7A4F7556}") = "MovingAverage", "MovingAverage\MovingAverage.csproj", "{C6B8998A-FCB7-4C74-8F01-A6EFFF566D92}"
EndProject
Project("{9A19103F-16F7-4668-BE54-9A1E7A4F7556}") = "TwoСhips", "TwoСhips\TwoСhips.csproj", "{4C143594-6EE5-48E5-A702-E3C9513DB095}"
EndProject
Project("{9A19103F-16F7-4668-BE54-9A1E7A4F7556}") = "TwoChips2", "TwoChips2\TwoChips2.csproj", "{00A707F5-2024-4D0E-9510-C4EC4E4CEBDD}"
EndProject
Project("{9A19103F-16F7-4668-BE54-9A1E7A4F7556}") = "FunctionValue", "FunctionValue\FunctionValue.csproj", "{C2237233-6BCF-411D-A72E-16C7686BBAB9}"
EndProject
Project("{9A19103F-16F7-4668-BE54-9A1E7A4F7556}") = "EvenAndOddNumbers", "EvenAndOddNumbers\EvenAndOddNumbers.csproj", "{7AB17ABF-6C79-4E79-9A73-45894C330249}"
EndProject
Project("{2150E333-8FDC-42A3-9474-1A3956D46DE8}") = "0", "0", "{F2017730-4BC1-4C19-BBF1-CB60B23BC5BA}"
EndProject
Project("{2150E333-8FDC-42A3-9474-1A3956D46DE8}") = "1", "1", "{10F62EE8-2FFB-43C5-9DB4-3C880446DDCD}"
EndProject
Project("{9A19103F-16F7-4668-BE54-9A1E7A4F7556}") = "Neighbours", "Neighbours\Neighbours.csproj", "{2215514D-2CCE-49DB-8E33-641A43FD8B84}"
EndProject
Project("{9A19103F-16F7-4668-BE54-9A1E7A4F7556}") = "RandomWeather", "RandomWeather\RandomWeather.csproj", "{4DBF5148-B5C9-43CC-8FE2-A6FA95DAA7EB}"
EndProject
Project("{9A19103F-16F7-4668-BE54-9A1E7A4F7556}") = "LongestWord", "LongestWord\LongestWord.csproj", "{0CD5A362-2234-49D8-9B3B-1551C07201FF}"
EndProject
Project("{9A19103F-16F7-4668-BE54-9A1E7A4F7556}") = "Palindrome", "Palindrome\Palindrome.csproj", "{1C6A12F6-F440-47A8-9199-6FDE1840FA75}"
EndProject
Project("{9A19103F-16F7-4668-BE54-9A1E7A4F7556}") = "WorkFromHome", "WorkFromHome\WorkFromHome.csproj", "{B7F44894-6FBD-45B4-A6D9-540E582D0367}"
EndProject
Project("{9A19103F-16F7-4668-BE54-9A1E7A4F7556}") = "BinarySystem", "BinarySystem\BinarySystem.csproj", "{C78EDC53-117A-40FC-9CE5-0574C25AEB1F}"
EndProject
Project("{9A19103F-16F7-4668-BE54-9A1E7A4F7556}") = "PowerOfFour", "PowerOfFour\PowerOfFour.csproj", "{617A9E19-52FC-4FCB-8A61-F8A54738686A}"
EndProject
Project("{9A19103F-16F7-4668-BE54-9A1E7A4F7556}") = "Factorization", "Factorization\Factorization.csproj", "{0EB44EF5-1304-4FA6-9CCB-CF0BB6B7F895}"
EndProject
Project("{9A19103F-16F7-4668-BE54-9A1E7A4F7556}") = "ListForm", "ListForm\ListForm.csproj", "{70962C0C-4EC6-42A3-B9DD-2B0C7BE17F93}"
EndProject
Project("{9A19103F-16F7-4668-BE54-9A1E7A4F7556}") = "ExtraLetter", "ExtraLetter\ExtraLetter.csproj", "{509B7FB1-9165-479A-8BD9-0B106368FB52}"
EndProject
Project("{9A19103F-16F7-4668-BE54-9A1E7A4F7556}") = "NearestZero", "NearestZero\NearestZero.csproj", "{D931B499-65B5-45A3-9B19-C3CE3F611035}"
EndProject
Project("{9A19103F-16F7-4668-BE54-9A1E7A4F7556}") = "SleightOfHand", "SleightOfHand\SleightOfHand.csproj", "{DE20A7CF-30E9-477A-8AD3-0E16907E4CC6}"
EndProject
Project("{2150E333-8FDC-42A3-9474-1A3956D46DE8}") = "2", "2", "{BFFDD597-EF16-4F3A-9620-6BA4CC38F684}"
EndProject
Project("{9A19103F-16F7-4668-BE54-9A1E7A4F7556}") = "B_ToDoList", "ToDoList\B_ToDoList.csproj", "{69A43444-0350-460E-8410-606A05540175}"
EndProject
Project("{9A19103F-16F7-4668-BE54-9A1E7A4F7556}") = "C_UnlovedBusiness", "UnlovedBusiness\C_UnlovedBusiness.csproj", "{5ACBE19B-1817-4B3C-A750-898CB2744D28}"
EndProject
Project("{9A19103F-16F7-4668-BE54-9A1E7A4F7556}") = "D_CaringMother", "CaringMother\D_CaringMother.csproj", "{0987A0DA-B870-4DB1-8949-B1377C4E7D6E}"
EndProject
Project("{9A19103F-16F7-4668-BE54-9A1E7A4F7556}") = "E_ItsTheOtherWayAround", "ItsTheOtherWayAround\E_ItsTheOtherWayAround.csproj", "{BD193C67-F119-48D4-9BA0-747A87D80CCB}"
EndProject
Project("{9A19103F-16F7-4668-BE54-9A1E7A4F7556}") = "F_StackMax", "StackMax\F_StackMax.csproj", "{859D3341-0313-4448-B48D-E3EC7E07A157}"
EndProject
Project("{9A19103F-16F7-4668-BE54-9A1E7A4F7556}") = "G_StackMaxEffective", "StackMaxEffective\G_StackMaxEffective.csproj", "{418D0D45-57A4-4008-BCBC-057451188793}"
EndProject
Project("{9A19103F-16F7-4668-BE54-9A1E7A4F7556}") = "H_BracketSequence", "BracketSequence\H_BracketSequence.csproj", "{976E072D-3D1F-4157-ADD6-C1E6114D8D56}"
EndProject
Project("{9A19103F-16F7-4668-BE54-9A1E7A4F7556}") = "I_LimitedQueue", "I_LimitedQueue\I_LimitedQueue.csproj", "{7534AC1E-B171-4A84-B38E-1F18E7794500}"
EndProject
Project("{9A19103F-16F7-4668-BE54-9A1E7A4F7556}") = "A_Monitoring", "A_Monitoring\A_Monitoring.csproj", "{8ED1C729-ED72-45F1-BE24-4DCC394F5470}"
EndProject
Project("{9A19103F-16F7-4668-BE54-9A1E7A4F7556}") = "J_ListQueue", "J_ListQueue\J_ListQueue.csproj", "{543B6D87-8EE1-45B4-BE1C-7DE7CB93EDAD}"
EndProject
Project("{9A19103F-16F7-4668-BE54-9A1E7A4F7556}") = "J_ListQueue.Tests", "J_ListQueue.Tests\J_ListQueue.Tests.csproj", "{E0D3C2D2-5884-4856-BB41-71730F323B5C}"
EndProject
Project("{9A19103F-16F7-4668-BE54-9A1E7A4F7556}") = "K_RecursiveFibonacciNumbers", "K_RecursiveFibonacciNumbers\K_RecursiveFibonacciNumbers.csproj", "{AFA48F4A-54C3-450E-B730-B7C80BC3FF86}"
EndProject
Project("{9A19103F-16F7-4668-BE54-9A1E7A4F7556}") = "L_FibonacciModulo", "L_FibonacciModulo\L_FibonacciModulo.csproj", "{C335BB03-1459-4185-AC12-358E7A850174}"
EndProject
Project("{2150E333-8FDC-42A3-9474-1A3956D46DE8}") = "3", "3", "{B046B15A-FA51-4042-9F78-115275DA816A}"
EndProject
Project("{9A19103F-16F7-4668-BE54-9A1E7A4F7556}") = "L_TwoBicycles", "L_TwoBicycles\L_TwoBicycles.csproj", "{624DD89D-CAEA-49CF-9936-1F84975E82C5}"
EndProject
Project("{9A19103F-16F7-4668-BE54-9A1E7A4F7556}") = "A_ParenthesesGenerator", "A_ParenthesesGenerator\A_ParenthesesGenerator.csproj", "{289FF37F-F855-4D5C-A151-0342EBCB192F}"
EndProject
Project("{9A19103F-16F7-4668-BE54-9A1E7A4F7556}") = "B_Combinations", "B_Combinations\B_Combinations.csproj", "{770FF099-51F5-4C74-8790-7AB3CF80304A}"
EndProject
Project("{9A19103F-16F7-4668-BE54-9A1E7A4F7556}") = "J_Bubble", "J_Bubble\J_Bubble.csproj", "{B6D519A9-E0E4-421D-960A-6359C9DFE457}"
EndProject
Project("{9A19103F-16F7-4668-BE54-9A1E7A4F7556}") = "H_LargeNumber", "H_LargeNumber\H_LargeNumber.csproj", "{90DF696F-08AD-4D0D-8892-B90F3955677C}"
EndProject
Project("{9A19103F-16F7-4668-BE54-9A1E7A4F7556}") = "D_Cookies", "D_Cookies\D_Cookies.csproj", "{CB565C2C-06FD-461C-81FB-762F8FA24CD5}"
EndProject
Project("{9A19103F-16F7-4668-BE54-9A1E7A4F7556}") = "N_Flowerbeds", "N_Flowerbeds\N_Flowerbeds.csproj", "{A03734D7-9B3A-4E6A-963D-9FB265E9884A}"
EndProject
Project("{9A19103F-16F7-4668-BE54-9A1E7A4F7556}") = "C_Subsequence", "C_Subsequence\C_Subsequence.csproj", "{6F098936-02D3-4070-9F74-442D573D34F7}"
EndProject
Project("{9A19103F-16F7-4668-BE54-9A1E7A4F7556}") = "K_MergeSort", "K_MergeSort\K_MergeSort.csproj", "{264F3C97-9479-4A11-8351-14CFFD829C64}"
EndProject
Project("{9A19103F-16F7-4668-BE54-9A1E7A4F7556}") = "E_BuyingHouses", "E_BuyingHouses\E_BuyingHouses.csproj", "{DEB75ACB-A802-4AFD-9211-E700D0754F71}"
EndProject
Project("{9A19103F-16F7-4668-BE54-9A1E7A4F7556}") = "F_TrianglePerimeter", "F_TrianglePerimeter\F_TrianglePerimeter.csproj", "{9C79D169-600E-4B96-8B79-5AE8313BA899}"
EndProject
Project("{9A19103F-16F7-4668-BE54-9A1E7A4F7556}") = "G_Wardrobe", "G_Wardrobe\G_Wardrobe.csproj", "{E62B3E49-FA8B-472B-982A-0B9C1CAA32A7}"
EndProject
Project("{9A19103F-16F7-4668-BE54-9A1E7A4F7556}") = "O_DifferenceOfTrashIndices", "O_DifferenceOfTrashIndices\O_DifferenceOfTrashIndices.csproj", "{C7FB7391-4B5E-4CB3-8409-38847745B4DA}"
EndProject
Project("{9A19103F-16F7-4668-BE54-9A1E7A4F7556}") = "I_ConferenceLovers", "I_ConferenceLovers\I_ConferenceLovers.csproj", "{F93A6900-6796-4B83-B972-484E8E98A138}"
EndProject
Project("{9A19103F-16F7-4668-BE54-9A1E7A4F7556}") = "P_PartialSorting", "P_PartialSorting\P_PartialSorting.csproj", "{8DFBECD0-30C8-4D6A-8CD0-DA9999EAD13A}"
EndProject
Project("{2150E333-8FDC-42A3-9474-1A3956D46DE8}") = "4", "4", "{99C73CF3-0CD7-4C9A-8F7D-3B478CA95DA7}"
EndProject
Project("{9A19103F-16F7-4668-BE54-9A1E7A4F7556}") = "D_Mugs", "D_Mugs\D_Mugs.csproj", "{B84D7484-DCDA-45F9-859A-AA8F2BDD95B5}"
EndProject
Project("{9A19103F-16F7-4668-BE54-9A1E7A4F7556}") = "G_Competition", "G_Competition\G_Competition.csproj", "{07687EED-35C9-47C0-BF4B-CC68CA17D35C}"
EndProject
Project("{9A19103F-16F7-4668-BE54-9A1E7A4F7556}") = "H_StrangeComparison", "H_StrangeComparison\H_StrangeComparison.csproj", "{6878475D-63D7-46D0-8FB2-E22097A34EA6}"
EndProject
Project("{9A19103F-16F7-4668-BE54-9A1E7A4F7556}") = "A_PolynomialHash", "A_PolynomialHash\A_PolynomialHash.csproj", "{DE35394B-0B95-4D5B-BB8C-0F609C6C1885}"
EndProject
Project("{9A19103F-16F7-4668-BE54-9A1E7A4F7556}") = "B_BreakMe", "B_BreakMe\B_BreakMe.csproj", "{1AC0C00A-44F3-44A4-9E49-9AB6D8F74DE1}"
EndProject
Project("{9A19103F-16F7-4668-BE54-9A1E7A4F7556}") = "C_PrefixHashes", "C_PrefixHashes\C_PrefixHashes.csproj", "{4B7489B7-D333-4244-8ACE-39E1330838FC}"
EndProject
Project("{9A19103F-16F7-4668-BE54-9A1E7A4F7556}") = "J_SumOfFours", "J_SumOfFours\J_SumOfFours.csproj", "{791B779E-EFD2-44D8-8669-105AC2D7A231}"
EndProject
Project("{9A19103F-16F7-4668-BE54-9A1E7A4F7556}") = "E_Substrings", "E_Substrings\E_Substrings.csproj", "{2CE8B7A2-C2C7-4335-8515-4246FC84C589}"
EndProject
Project("{9A19103F-16F7-4668-BE54-9A1E7A4F7556}") = "F_AnagramGrouping", "F_AnagramGrouping\F_AnagramGrouping.csproj", "{CFDA9C86-A1FB-46A6-BF8C-0EFF33F137C2}"
EndProject
Project("{2150E333-8FDC-42A3-9474-1A3956D46DE8}") = "5", "5", "{90877942-CFF0-4795-94D2-73503711EF52}"
EndProject
Project("{9A19103F-16F7-4668-BE54-9A1E7A4F7556}") = "A_Bulbs", "A_Bulbs\A_Bulbs.csproj", "{A4E44838-C381-41EF-AB6B-6F6FD9892B2C}"
EndProject
Project("{9A19103F-16F7-4668-BE54-9A1E7A4F7556}") = "E_SearchTree", "E_SearchTree\E_SearchTree.csproj", "{92733C05-7C2C-48FD-BDAC-6C6EFE7741A0}"
EndProject
Project("{9A19103F-16F7-4668-BE54-9A1E7A4F7556}") = "I_DifferentSearchTrees", "I_DifferentSearchTrees\I_DifferentSearchTrees.csproj", "{5C64BDCE-F11B-4CBA-817E-AFA8C5901AD1}"
EndProject
Project("{9A19103F-16F7-4668-BE54-9A1E7A4F7556}") = "K_BringOutTheRange", "K_BringOutTheRange\K_BringOutTheRange.csproj", "{4CAF389C-B696-4DD8-BB2B-1A3E20F69208}"
EndProject
Project("{9A19103F-16F7-4668-BE54-9A1E7A4F7556}") = "J_AddNode", "J_AddNode\J_AddNode.csproj", "{926522F7-C5FB-483F-B0C6-5E55FF949709}"
EndProject
Project("{9A19103F-16F7-4668-BE54-9A1E7A4F7556}") = "B_BalancedTree", "B_BalancedTree\B_BalancedTree.csproj", "{6FDC317F-53C8-4875-8EC4-9F598CF0A986}"
EndProject
Project("{9A19103F-16F7-4668-BE54-9A1E7A4F7556}") = "L_SiftDown", "L_SiftDown\L_SiftDown.csproj", "{653D1C6F-A6AC-42FC-AF09-4B013B420825}"
EndProject
Project("{9A19103F-16F7-4668-BE54-9A1E7A4F7556}") = "M_SiftUp", "M_SiftUp\M_SiftUp.csproj", "{AEA0E1DC-E12E-434C-B58E-2CB8DC7F343A}"
EndProject
Project("{2150E333-8FDC-42A3-9474-1A3956D46DE8}") = "6", "6", "{A7B47BE4-9A33-4EA3-B802-8ABE90503861}"
EndProject
Project("{FAE04EC0-301F-11D3-BF4B-00C04F79EFBC}") = "A_BuildAnAdjacencyList", "A_BuildAnAdjacencyList\A_BuildAnAdjacencyList.csproj", "{BB195141-4E11-44DB-A951-0C1BBA76FF3F}"
EndProject
Global
	GlobalSection(SolutionConfigurationPlatforms) = preSolution
		Debug|Any CPU = Debug|Any CPU
		Release|Any CPU = Release|Any CPU
	EndGlobalSection
	GlobalSection(ProjectConfigurationPlatforms) = postSolution
		{DCAA819A-D195-4E52-B9FC-AEF33D0E65B1}.Debug|Any CPU.ActiveCfg = Debug|Any CPU
		{DCAA819A-D195-4E52-B9FC-AEF33D0E65B1}.Debug|Any CPU.Build.0 = Debug|Any CPU
		{DCAA819A-D195-4E52-B9FC-AEF33D0E65B1}.Release|Any CPU.ActiveCfg = Release|Any CPU
		{DCAA819A-D195-4E52-B9FC-AEF33D0E65B1}.Release|Any CPU.Build.0 = Release|Any CPU
		{8AD9D4B5-D87A-48F5-997B-A1CD6522F733}.Debug|Any CPU.ActiveCfg = Debug|Any CPU
		{8AD9D4B5-D87A-48F5-997B-A1CD6522F733}.Debug|Any CPU.Build.0 = Debug|Any CPU
		{8AD9D4B5-D87A-48F5-997B-A1CD6522F733}.Release|Any CPU.ActiveCfg = Release|Any CPU
		{8AD9D4B5-D87A-48F5-997B-A1CD6522F733}.Release|Any CPU.Build.0 = Release|Any CPU
		{C6B8998A-FCB7-4C74-8F01-A6EFFF566D92}.Debug|Any CPU.ActiveCfg = Debug|Any CPU
		{C6B8998A-FCB7-4C74-8F01-A6EFFF566D92}.Debug|Any CPU.Build.0 = Debug|Any CPU
		{C6B8998A-FCB7-4C74-8F01-A6EFFF566D92}.Release|Any CPU.ActiveCfg = Release|Any CPU
		{C6B8998A-FCB7-4C74-8F01-A6EFFF566D92}.Release|Any CPU.Build.0 = Release|Any CPU
		{4C143594-6EE5-48E5-A702-E3C9513DB095}.Debug|Any CPU.ActiveCfg = Debug|Any CPU
		{4C143594-6EE5-48E5-A702-E3C9513DB095}.Debug|Any CPU.Build.0 = Debug|Any CPU
		{4C143594-6EE5-48E5-A702-E3C9513DB095}.Release|Any CPU.ActiveCfg = Release|Any CPU
		{4C143594-6EE5-48E5-A702-E3C9513DB095}.Release|Any CPU.Build.0 = Release|Any CPU
		{00A707F5-2024-4D0E-9510-C4EC4E4CEBDD}.Debug|Any CPU.ActiveCfg = Debug|Any CPU
		{00A707F5-2024-4D0E-9510-C4EC4E4CEBDD}.Debug|Any CPU.Build.0 = Debug|Any CPU
		{00A707F5-2024-4D0E-9510-C4EC4E4CEBDD}.Release|Any CPU.ActiveCfg = Release|Any CPU
		{00A707F5-2024-4D0E-9510-C4EC4E4CEBDD}.Release|Any CPU.Build.0 = Release|Any CPU
		{C2237233-6BCF-411D-A72E-16C7686BBAB9}.Debug|Any CPU.ActiveCfg = Debug|Any CPU
		{C2237233-6BCF-411D-A72E-16C7686BBAB9}.Debug|Any CPU.Build.0 = Debug|Any CPU
		{C2237233-6BCF-411D-A72E-16C7686BBAB9}.Release|Any CPU.ActiveCfg = Release|Any CPU
		{C2237233-6BCF-411D-A72E-16C7686BBAB9}.Release|Any CPU.Build.0 = Release|Any CPU
		{7AB17ABF-6C79-4E79-9A73-45894C330249}.Debug|Any CPU.ActiveCfg = Debug|Any CPU
		{7AB17ABF-6C79-4E79-9A73-45894C330249}.Debug|Any CPU.Build.0 = Debug|Any CPU
		{7AB17ABF-6C79-4E79-9A73-45894C330249}.Release|Any CPU.ActiveCfg = Release|Any CPU
		{7AB17ABF-6C79-4E79-9A73-45894C330249}.Release|Any CPU.Build.0 = Release|Any CPU
		{2215514D-2CCE-49DB-8E33-641A43FD8B84}.Debug|Any CPU.ActiveCfg = Debug|Any CPU
		{2215514D-2CCE-49DB-8E33-641A43FD8B84}.Debug|Any CPU.Build.0 = Debug|Any CPU
		{2215514D-2CCE-49DB-8E33-641A43FD8B84}.Release|Any CPU.ActiveCfg = Release|Any CPU
		{2215514D-2CCE-49DB-8E33-641A43FD8B84}.Release|Any CPU.Build.0 = Release|Any CPU
		{4DBF5148-B5C9-43CC-8FE2-A6FA95DAA7EB}.Debug|Any CPU.ActiveCfg = Debug|Any CPU
		{4DBF5148-B5C9-43CC-8FE2-A6FA95DAA7EB}.Debug|Any CPU.Build.0 = Debug|Any CPU
		{4DBF5148-B5C9-43CC-8FE2-A6FA95DAA7EB}.Release|Any CPU.ActiveCfg = Release|Any CPU
		{4DBF5148-B5C9-43CC-8FE2-A6FA95DAA7EB}.Release|Any CPU.Build.0 = Release|Any CPU
		{0CD5A362-2234-49D8-9B3B-1551C07201FF}.Debug|Any CPU.ActiveCfg = Debug|Any CPU
		{0CD5A362-2234-49D8-9B3B-1551C07201FF}.Debug|Any CPU.Build.0 = Debug|Any CPU
		{0CD5A362-2234-49D8-9B3B-1551C07201FF}.Release|Any CPU.ActiveCfg = Release|Any CPU
		{0CD5A362-2234-49D8-9B3B-1551C07201FF}.Release|Any CPU.Build.0 = Release|Any CPU
		{1C6A12F6-F440-47A8-9199-6FDE1840FA75}.Debug|Any CPU.ActiveCfg = Debug|Any CPU
		{1C6A12F6-F440-47A8-9199-6FDE1840FA75}.Debug|Any CPU.Build.0 = Debug|Any CPU
		{1C6A12F6-F440-47A8-9199-6FDE1840FA75}.Release|Any CPU.ActiveCfg = Release|Any CPU
		{1C6A12F6-F440-47A8-9199-6FDE1840FA75}.Release|Any CPU.Build.0 = Release|Any CPU
		{B7F44894-6FBD-45B4-A6D9-540E582D0367}.Debug|Any CPU.ActiveCfg = Debug|Any CPU
		{B7F44894-6FBD-45B4-A6D9-540E582D0367}.Debug|Any CPU.Build.0 = Debug|Any CPU
		{B7F44894-6FBD-45B4-A6D9-540E582D0367}.Release|Any CPU.ActiveCfg = Release|Any CPU
		{B7F44894-6FBD-45B4-A6D9-540E582D0367}.Release|Any CPU.Build.0 = Release|Any CPU
		{C78EDC53-117A-40FC-9CE5-0574C25AEB1F}.Debug|Any CPU.ActiveCfg = Debug|Any CPU
		{C78EDC53-117A-40FC-9CE5-0574C25AEB1F}.Debug|Any CPU.Build.0 = Debug|Any CPU
		{C78EDC53-117A-40FC-9CE5-0574C25AEB1F}.Release|Any CPU.ActiveCfg = Release|Any CPU
		{C78EDC53-117A-40FC-9CE5-0574C25AEB1F}.Release|Any CPU.Build.0 = Release|Any CPU
		{617A9E19-52FC-4FCB-8A61-F8A54738686A}.Debug|Any CPU.ActiveCfg = Debug|Any CPU
		{617A9E19-52FC-4FCB-8A61-F8A54738686A}.Debug|Any CPU.Build.0 = Debug|Any CPU
		{617A9E19-52FC-4FCB-8A61-F8A54738686A}.Release|Any CPU.ActiveCfg = Release|Any CPU
		{617A9E19-52FC-4FCB-8A61-F8A54738686A}.Release|Any CPU.Build.0 = Release|Any CPU
		{0EB44EF5-1304-4FA6-9CCB-CF0BB6B7F895}.Debug|Any CPU.ActiveCfg = Debug|Any CPU
		{0EB44EF5-1304-4FA6-9CCB-CF0BB6B7F895}.Debug|Any CPU.Build.0 = Debug|Any CPU
		{0EB44EF5-1304-4FA6-9CCB-CF0BB6B7F895}.Release|Any CPU.ActiveCfg = Release|Any CPU
		{0EB44EF5-1304-4FA6-9CCB-CF0BB6B7F895}.Release|Any CPU.Build.0 = Release|Any CPU
		{70962C0C-4EC6-42A3-B9DD-2B0C7BE17F93}.Debug|Any CPU.ActiveCfg = Debug|Any CPU
		{70962C0C-4EC6-42A3-B9DD-2B0C7BE17F93}.Debug|Any CPU.Build.0 = Debug|Any CPU
		{70962C0C-4EC6-42A3-B9DD-2B0C7BE17F93}.Release|Any CPU.ActiveCfg = Release|Any CPU
		{70962C0C-4EC6-42A3-B9DD-2B0C7BE17F93}.Release|Any CPU.Build.0 = Release|Any CPU
		{509B7FB1-9165-479A-8BD9-0B106368FB52}.Debug|Any CPU.ActiveCfg = Debug|Any CPU
		{509B7FB1-9165-479A-8BD9-0B106368FB52}.Debug|Any CPU.Build.0 = Debug|Any CPU
		{509B7FB1-9165-479A-8BD9-0B106368FB52}.Release|Any CPU.ActiveCfg = Release|Any CPU
		{509B7FB1-9165-479A-8BD9-0B106368FB52}.Release|Any CPU.Build.0 = Release|Any CPU
		{D931B499-65B5-45A3-9B19-C3CE3F611035}.Debug|Any CPU.ActiveCfg = Debug|Any CPU
		{D931B499-65B5-45A3-9B19-C3CE3F611035}.Debug|Any CPU.Build.0 = Debug|Any CPU
		{D931B499-65B5-45A3-9B19-C3CE3F611035}.Release|Any CPU.ActiveCfg = Release|Any CPU
		{D931B499-65B5-45A3-9B19-C3CE3F611035}.Release|Any CPU.Build.0 = Release|Any CPU
		{DE20A7CF-30E9-477A-8AD3-0E16907E4CC6}.Debug|Any CPU.ActiveCfg = Debug|Any CPU
		{DE20A7CF-30E9-477A-8AD3-0E16907E4CC6}.Debug|Any CPU.Build.0 = Debug|Any CPU
		{DE20A7CF-30E9-477A-8AD3-0E16907E4CC6}.Release|Any CPU.ActiveCfg = Release|Any CPU
		{DE20A7CF-30E9-477A-8AD3-0E16907E4CC6}.Release|Any CPU.Build.0 = Release|Any CPU
		{69A43444-0350-460E-8410-606A05540175}.Debug|Any CPU.ActiveCfg = Debug|Any CPU
		{69A43444-0350-460E-8410-606A05540175}.Debug|Any CPU.Build.0 = Debug|Any CPU
		{69A43444-0350-460E-8410-606A05540175}.Release|Any CPU.ActiveCfg = Release|Any CPU
		{69A43444-0350-460E-8410-606A05540175}.Release|Any CPU.Build.0 = Release|Any CPU
		{5ACBE19B-1817-4B3C-A750-898CB2744D28}.Debug|Any CPU.ActiveCfg = Debug|Any CPU
		{5ACBE19B-1817-4B3C-A750-898CB2744D28}.Debug|Any CPU.Build.0 = Debug|Any CPU
		{5ACBE19B-1817-4B3C-A750-898CB2744D28}.Release|Any CPU.ActiveCfg = Release|Any CPU
		{5ACBE19B-1817-4B3C-A750-898CB2744D28}.Release|Any CPU.Build.0 = Release|Any CPU
		{0987A0DA-B870-4DB1-8949-B1377C4E7D6E}.Debug|Any CPU.ActiveCfg = Debug|Any CPU
		{0987A0DA-B870-4DB1-8949-B1377C4E7D6E}.Debug|Any CPU.Build.0 = Debug|Any CPU
		{0987A0DA-B870-4DB1-8949-B1377C4E7D6E}.Release|Any CPU.ActiveCfg = Release|Any CPU
		{0987A0DA-B870-4DB1-8949-B1377C4E7D6E}.Release|Any CPU.Build.0 = Release|Any CPU
		{BD193C67-F119-48D4-9BA0-747A87D80CCB}.Debug|Any CPU.ActiveCfg = Debug|Any CPU
		{BD193C67-F119-48D4-9BA0-747A87D80CCB}.Debug|Any CPU.Build.0 = Debug|Any CPU
		{BD193C67-F119-48D4-9BA0-747A87D80CCB}.Release|Any CPU.ActiveCfg = Release|Any CPU
		{BD193C67-F119-48D4-9BA0-747A87D80CCB}.Release|Any CPU.Build.0 = Release|Any CPU
		{859D3341-0313-4448-B48D-E3EC7E07A157}.Debug|Any CPU.ActiveCfg = Debug|Any CPU
		{859D3341-0313-4448-B48D-E3EC7E07A157}.Debug|Any CPU.Build.0 = Debug|Any CPU
		{859D3341-0313-4448-B48D-E3EC7E07A157}.Release|Any CPU.ActiveCfg = Release|Any CPU
		{859D3341-0313-4448-B48D-E3EC7E07A157}.Release|Any CPU.Build.0 = Release|Any CPU
		{418D0D45-57A4-4008-BCBC-057451188793}.Debug|Any CPU.ActiveCfg = Debug|Any CPU
		{418D0D45-57A4-4008-BCBC-057451188793}.Debug|Any CPU.Build.0 = Debug|Any CPU
		{418D0D45-57A4-4008-BCBC-057451188793}.Release|Any CPU.ActiveCfg = Release|Any CPU
		{418D0D45-57A4-4008-BCBC-057451188793}.Release|Any CPU.Build.0 = Release|Any CPU
		{976E072D-3D1F-4157-ADD6-C1E6114D8D56}.Debug|Any CPU.ActiveCfg = Debug|Any CPU
		{976E072D-3D1F-4157-ADD6-C1E6114D8D56}.Debug|Any CPU.Build.0 = Debug|Any CPU
		{976E072D-3D1F-4157-ADD6-C1E6114D8D56}.Release|Any CPU.ActiveCfg = Release|Any CPU
		{976E072D-3D1F-4157-ADD6-C1E6114D8D56}.Release|Any CPU.Build.0 = Release|Any CPU
		{7534AC1E-B171-4A84-B38E-1F18E7794500}.Debug|Any CPU.ActiveCfg = Debug|Any CPU
		{7534AC1E-B171-4A84-B38E-1F18E7794500}.Debug|Any CPU.Build.0 = Debug|Any CPU
		{7534AC1E-B171-4A84-B38E-1F18E7794500}.Release|Any CPU.ActiveCfg = Release|Any CPU
		{7534AC1E-B171-4A84-B38E-1F18E7794500}.Release|Any CPU.Build.0 = Release|Any CPU
		{8ED1C729-ED72-45F1-BE24-4DCC394F5470}.Debug|Any CPU.ActiveCfg = Debug|Any CPU
		{8ED1C729-ED72-45F1-BE24-4DCC394F5470}.Debug|Any CPU.Build.0 = Debug|Any CPU
		{8ED1C729-ED72-45F1-BE24-4DCC394F5470}.Release|Any CPU.ActiveCfg = Release|Any CPU
		{8ED1C729-ED72-45F1-BE24-4DCC394F5470}.Release|Any CPU.Build.0 = Release|Any CPU
		{543B6D87-8EE1-45B4-BE1C-7DE7CB93EDAD}.Debug|Any CPU.ActiveCfg = Debug|Any CPU
		{543B6D87-8EE1-45B4-BE1C-7DE7CB93EDAD}.Debug|Any CPU.Build.0 = Debug|Any CPU
		{543B6D87-8EE1-45B4-BE1C-7DE7CB93EDAD}.Release|Any CPU.ActiveCfg = Release|Any CPU
		{543B6D87-8EE1-45B4-BE1C-7DE7CB93EDAD}.Release|Any CPU.Build.0 = Release|Any CPU
		{E0D3C2D2-5884-4856-BB41-71730F323B5C}.Debug|Any CPU.ActiveCfg = Debug|Any CPU
		{E0D3C2D2-5884-4856-BB41-71730F323B5C}.Debug|Any CPU.Build.0 = Debug|Any CPU
		{E0D3C2D2-5884-4856-BB41-71730F323B5C}.Release|Any CPU.ActiveCfg = Release|Any CPU
		{E0D3C2D2-5884-4856-BB41-71730F323B5C}.Release|Any CPU.Build.0 = Release|Any CPU
		{AFA48F4A-54C3-450E-B730-B7C80BC3FF86}.Debug|Any CPU.ActiveCfg = Debug|Any CPU
		{AFA48F4A-54C3-450E-B730-B7C80BC3FF86}.Debug|Any CPU.Build.0 = Debug|Any CPU
		{AFA48F4A-54C3-450E-B730-B7C80BC3FF86}.Release|Any CPU.ActiveCfg = Release|Any CPU
		{AFA48F4A-54C3-450E-B730-B7C80BC3FF86}.Release|Any CPU.Build.0 = Release|Any CPU
		{C335BB03-1459-4185-AC12-358E7A850174}.Debug|Any CPU.ActiveCfg = Debug|Any CPU
		{C335BB03-1459-4185-AC12-358E7A850174}.Debug|Any CPU.Build.0 = Debug|Any CPU
		{C335BB03-1459-4185-AC12-358E7A850174}.Release|Any CPU.ActiveCfg = Release|Any CPU
		{C335BB03-1459-4185-AC12-358E7A850174}.Release|Any CPU.Build.0 = Release|Any CPU
		{624DD89D-CAEA-49CF-9936-1F84975E82C5}.Debug|Any CPU.ActiveCfg = Debug|Any CPU
		{624DD89D-CAEA-49CF-9936-1F84975E82C5}.Debug|Any CPU.Build.0 = Debug|Any CPU
		{624DD89D-CAEA-49CF-9936-1F84975E82C5}.Release|Any CPU.ActiveCfg = Release|Any CPU
		{624DD89D-CAEA-49CF-9936-1F84975E82C5}.Release|Any CPU.Build.0 = Release|Any CPU
		{289FF37F-F855-4D5C-A151-0342EBCB192F}.Debug|Any CPU.ActiveCfg = Debug|Any CPU
		{289FF37F-F855-4D5C-A151-0342EBCB192F}.Debug|Any CPU.Build.0 = Debug|Any CPU
		{289FF37F-F855-4D5C-A151-0342EBCB192F}.Release|Any CPU.ActiveCfg = Release|Any CPU
		{289FF37F-F855-4D5C-A151-0342EBCB192F}.Release|Any CPU.Build.0 = Release|Any CPU
		{770FF099-51F5-4C74-8790-7AB3CF80304A}.Debug|Any CPU.ActiveCfg = Debug|Any CPU
		{770FF099-51F5-4C74-8790-7AB3CF80304A}.Debug|Any CPU.Build.0 = Debug|Any CPU
		{770FF099-51F5-4C74-8790-7AB3CF80304A}.Release|Any CPU.ActiveCfg = Release|Any CPU
		{770FF099-51F5-4C74-8790-7AB3CF80304A}.Release|Any CPU.Build.0 = Release|Any CPU
		{B6D519A9-E0E4-421D-960A-6359C9DFE457}.Debug|Any CPU.ActiveCfg = Debug|Any CPU
		{B6D519A9-E0E4-421D-960A-6359C9DFE457}.Debug|Any CPU.Build.0 = Debug|Any CPU
		{B6D519A9-E0E4-421D-960A-6359C9DFE457}.Release|Any CPU.ActiveCfg = Release|Any CPU
		{B6D519A9-E0E4-421D-960A-6359C9DFE457}.Release|Any CPU.Build.0 = Release|Any CPU
		{90DF696F-08AD-4D0D-8892-B90F3955677C}.Debug|Any CPU.ActiveCfg = Debug|Any CPU
		{90DF696F-08AD-4D0D-8892-B90F3955677C}.Debug|Any CPU.Build.0 = Debug|Any CPU
		{90DF696F-08AD-4D0D-8892-B90F3955677C}.Release|Any CPU.ActiveCfg = Release|Any CPU
		{90DF696F-08AD-4D0D-8892-B90F3955677C}.Release|Any CPU.Build.0 = Release|Any CPU
		{CB565C2C-06FD-461C-81FB-762F8FA24CD5}.Debug|Any CPU.ActiveCfg = Debug|Any CPU
		{CB565C2C-06FD-461C-81FB-762F8FA24CD5}.Debug|Any CPU.Build.0 = Debug|Any CPU
		{CB565C2C-06FD-461C-81FB-762F8FA24CD5}.Release|Any CPU.ActiveCfg = Release|Any CPU
		{CB565C2C-06FD-461C-81FB-762F8FA24CD5}.Release|Any CPU.Build.0 = Release|Any CPU
		{A03734D7-9B3A-4E6A-963D-9FB265E9884A}.Debug|Any CPU.ActiveCfg = Debug|Any CPU
		{A03734D7-9B3A-4E6A-963D-9FB265E9884A}.Debug|Any CPU.Build.0 = Debug|Any CPU
		{A03734D7-9B3A-4E6A-963D-9FB265E9884A}.Release|Any CPU.ActiveCfg = Release|Any CPU
		{A03734D7-9B3A-4E6A-963D-9FB265E9884A}.Release|Any CPU.Build.0 = Release|Any CPU
		{6F098936-02D3-4070-9F74-442D573D34F7}.Debug|Any CPU.ActiveCfg = Debug|Any CPU
		{6F098936-02D3-4070-9F74-442D573D34F7}.Debug|Any CPU.Build.0 = Debug|Any CPU
		{6F098936-02D3-4070-9F74-442D573D34F7}.Release|Any CPU.ActiveCfg = Release|Any CPU
		{6F098936-02D3-4070-9F74-442D573D34F7}.Release|Any CPU.Build.0 = Release|Any CPU
		{264F3C97-9479-4A11-8351-14CFFD829C64}.Debug|Any CPU.ActiveCfg = Debug|Any CPU
		{264F3C97-9479-4A11-8351-14CFFD829C64}.Debug|Any CPU.Build.0 = Debug|Any CPU
		{264F3C97-9479-4A11-8351-14CFFD829C64}.Release|Any CPU.ActiveCfg = Release|Any CPU
		{264F3C97-9479-4A11-8351-14CFFD829C64}.Release|Any CPU.Build.0 = Release|Any CPU
		{DEB75ACB-A802-4AFD-9211-E700D0754F71}.Debug|Any CPU.ActiveCfg = Debug|Any CPU
		{DEB75ACB-A802-4AFD-9211-E700D0754F71}.Debug|Any CPU.Build.0 = Debug|Any CPU
		{DEB75ACB-A802-4AFD-9211-E700D0754F71}.Release|Any CPU.ActiveCfg = Release|Any CPU
		{DEB75ACB-A802-4AFD-9211-E700D0754F71}.Release|Any CPU.Build.0 = Release|Any CPU
		{9C79D169-600E-4B96-8B79-5AE8313BA899}.Debug|Any CPU.ActiveCfg = Debug|Any CPU
		{9C79D169-600E-4B96-8B79-5AE8313BA899}.Debug|Any CPU.Build.0 = Debug|Any CPU
		{9C79D169-600E-4B96-8B79-5AE8313BA899}.Release|Any CPU.ActiveCfg = Release|Any CPU
		{9C79D169-600E-4B96-8B79-5AE8313BA899}.Release|Any CPU.Build.0 = Release|Any CPU
		{E62B3E49-FA8B-472B-982A-0B9C1CAA32A7}.Debug|Any CPU.ActiveCfg = Debug|Any CPU
		{E62B3E49-FA8B-472B-982A-0B9C1CAA32A7}.Debug|Any CPU.Build.0 = Debug|Any CPU
		{E62B3E49-FA8B-472B-982A-0B9C1CAA32A7}.Release|Any CPU.ActiveCfg = Release|Any CPU
		{E62B3E49-FA8B-472B-982A-0B9C1CAA32A7}.Release|Any CPU.Build.0 = Release|Any CPU
		{C7FB7391-4B5E-4CB3-8409-38847745B4DA}.Debug|Any CPU.ActiveCfg = Debug|Any CPU
		{C7FB7391-4B5E-4CB3-8409-38847745B4DA}.Debug|Any CPU.Build.0 = Debug|Any CPU
		{C7FB7391-4B5E-4CB3-8409-38847745B4DA}.Release|Any CPU.ActiveCfg = Release|Any CPU
		{C7FB7391-4B5E-4CB3-8409-38847745B4DA}.Release|Any CPU.Build.0 = Release|Any CPU
		{F93A6900-6796-4B83-B972-484E8E98A138}.Debug|Any CPU.ActiveCfg = Debug|Any CPU
		{F93A6900-6796-4B83-B972-484E8E98A138}.Debug|Any CPU.Build.0 = Debug|Any CPU
		{F93A6900-6796-4B83-B972-484E8E98A138}.Release|Any CPU.ActiveCfg = Release|Any CPU
		{F93A6900-6796-4B83-B972-484E8E98A138}.Release|Any CPU.Build.0 = Release|Any CPU
		{8DFBECD0-30C8-4D6A-8CD0-DA9999EAD13A}.Debug|Any CPU.ActiveCfg = Debug|Any CPU
		{8DFBECD0-30C8-4D6A-8CD0-DA9999EAD13A}.Debug|Any CPU.Build.0 = Debug|Any CPU
		{8DFBECD0-30C8-4D6A-8CD0-DA9999EAD13A}.Release|Any CPU.ActiveCfg = Release|Any CPU
		{8DFBECD0-30C8-4D6A-8CD0-DA9999EAD13A}.Release|Any CPU.Build.0 = Release|Any CPU
		{B84D7484-DCDA-45F9-859A-AA8F2BDD95B5}.Debug|Any CPU.ActiveCfg = Debug|Any CPU
		{B84D7484-DCDA-45F9-859A-AA8F2BDD95B5}.Debug|Any CPU.Build.0 = Debug|Any CPU
		{B84D7484-DCDA-45F9-859A-AA8F2BDD95B5}.Release|Any CPU.ActiveCfg = Release|Any CPU
		{B84D7484-DCDA-45F9-859A-AA8F2BDD95B5}.Release|Any CPU.Build.0 = Release|Any CPU
		{07687EED-35C9-47C0-BF4B-CC68CA17D35C}.Debug|Any CPU.ActiveCfg = Debug|Any CPU
		{07687EED-35C9-47C0-BF4B-CC68CA17D35C}.Debug|Any CPU.Build.0 = Debug|Any CPU
		{07687EED-35C9-47C0-BF4B-CC68CA17D35C}.Release|Any CPU.ActiveCfg = Release|Any CPU
		{07687EED-35C9-47C0-BF4B-CC68CA17D35C}.Release|Any CPU.Build.0 = Release|Any CPU
		{6878475D-63D7-46D0-8FB2-E22097A34EA6}.Debug|Any CPU.ActiveCfg = Debug|Any CPU
		{6878475D-63D7-46D0-8FB2-E22097A34EA6}.Debug|Any CPU.Build.0 = Debug|Any CPU
		{6878475D-63D7-46D0-8FB2-E22097A34EA6}.Release|Any CPU.ActiveCfg = Release|Any CPU
		{6878475D-63D7-46D0-8FB2-E22097A34EA6}.Release|Any CPU.Build.0 = Release|Any CPU
		{DE35394B-0B95-4D5B-BB8C-0F609C6C1885}.Debug|Any CPU.ActiveCfg = Debug|Any CPU
		{DE35394B-0B95-4D5B-BB8C-0F609C6C1885}.Debug|Any CPU.Build.0 = Debug|Any CPU
		{DE35394B-0B95-4D5B-BB8C-0F609C6C1885}.Release|Any CPU.ActiveCfg = Release|Any CPU
		{DE35394B-0B95-4D5B-BB8C-0F609C6C1885}.Release|Any CPU.Build.0 = Release|Any CPU
		{1AC0C00A-44F3-44A4-9E49-9AB6D8F74DE1}.Debug|Any CPU.ActiveCfg = Debug|Any CPU
		{1AC0C00A-44F3-44A4-9E49-9AB6D8F74DE1}.Debug|Any CPU.Build.0 = Debug|Any CPU
		{1AC0C00A-44F3-44A4-9E49-9AB6D8F74DE1}.Release|Any CPU.ActiveCfg = Release|Any CPU
		{1AC0C00A-44F3-44A4-9E49-9AB6D8F74DE1}.Release|Any CPU.Build.0 = Release|Any CPU
		{4B7489B7-D333-4244-8ACE-39E1330838FC}.Debug|Any CPU.ActiveCfg = Debug|Any CPU
		{4B7489B7-D333-4244-8ACE-39E1330838FC}.Debug|Any CPU.Build.0 = Debug|Any CPU
		{4B7489B7-D333-4244-8ACE-39E1330838FC}.Release|Any CPU.ActiveCfg = Release|Any CPU
		{4B7489B7-D333-4244-8ACE-39E1330838FC}.Release|Any CPU.Build.0 = Release|Any CPU
		{791B779E-EFD2-44D8-8669-105AC2D7A231}.Debug|Any CPU.ActiveCfg = Debug|Any CPU
		{791B779E-EFD2-44D8-8669-105AC2D7A231}.Debug|Any CPU.Build.0 = Debug|Any CPU
		{791B779E-EFD2-44D8-8669-105AC2D7A231}.Release|Any CPU.ActiveCfg = Release|Any CPU
		{791B779E-EFD2-44D8-8669-105AC2D7A231}.Release|Any CPU.Build.0 = Release|Any CPU
		{2CE8B7A2-C2C7-4335-8515-4246FC84C589}.Debug|Any CPU.ActiveCfg = Debug|Any CPU
		{2CE8B7A2-C2C7-4335-8515-4246FC84C589}.Debug|Any CPU.Build.0 = Debug|Any CPU
		{2CE8B7A2-C2C7-4335-8515-4246FC84C589}.Release|Any CPU.ActiveCfg = Release|Any CPU
		{2CE8B7A2-C2C7-4335-8515-4246FC84C589}.Release|Any CPU.Build.0 = Release|Any CPU
		{CFDA9C86-A1FB-46A6-BF8C-0EFF33F137C2}.Debug|Any CPU.ActiveCfg = Debug|Any CPU
		{CFDA9C86-A1FB-46A6-BF8C-0EFF33F137C2}.Debug|Any CPU.Build.0 = Debug|Any CPU
		{CFDA9C86-A1FB-46A6-BF8C-0EFF33F137C2}.Release|Any CPU.ActiveCfg = Release|Any CPU
		{CFDA9C86-A1FB-46A6-BF8C-0EFF33F137C2}.Release|Any CPU.Build.0 = Release|Any CPU
		{A4E44838-C381-41EF-AB6B-6F6FD9892B2C}.Debug|Any CPU.ActiveCfg = Debug|Any CPU
		{A4E44838-C381-41EF-AB6B-6F6FD9892B2C}.Debug|Any CPU.Build.0 = Debug|Any CPU
		{A4E44838-C381-41EF-AB6B-6F6FD9892B2C}.Release|Any CPU.ActiveCfg = Release|Any CPU
		{A4E44838-C381-41EF-AB6B-6F6FD9892B2C}.Release|Any CPU.Build.0 = Release|Any CPU
		{92733C05-7C2C-48FD-BDAC-6C6EFE7741A0}.Debug|Any CPU.ActiveCfg = Debug|Any CPU
		{92733C05-7C2C-48FD-BDAC-6C6EFE7741A0}.Debug|Any CPU.Build.0 = Debug|Any CPU
		{92733C05-7C2C-48FD-BDAC-6C6EFE7741A0}.Release|Any CPU.ActiveCfg = Release|Any CPU
		{92733C05-7C2C-48FD-BDAC-6C6EFE7741A0}.Release|Any CPU.Build.0 = Release|Any CPU
		{5C64BDCE-F11B-4CBA-817E-AFA8C5901AD1}.Debug|Any CPU.ActiveCfg = Debug|Any CPU
		{5C64BDCE-F11B-4CBA-817E-AFA8C5901AD1}.Debug|Any CPU.Build.0 = Debug|Any CPU
		{5C64BDCE-F11B-4CBA-817E-AFA8C5901AD1}.Release|Any CPU.ActiveCfg = Release|Any CPU
		{5C64BDCE-F11B-4CBA-817E-AFA8C5901AD1}.Release|Any CPU.Build.0 = Release|Any CPU
		{4CAF389C-B696-4DD8-BB2B-1A3E20F69208}.Debug|Any CPU.ActiveCfg = Debug|Any CPU
		{4CAF389C-B696-4DD8-BB2B-1A3E20F69208}.Debug|Any CPU.Build.0 = Debug|Any CPU
		{4CAF389C-B696-4DD8-BB2B-1A3E20F69208}.Release|Any CPU.ActiveCfg = Release|Any CPU
		{4CAF389C-B696-4DD8-BB2B-1A3E20F69208}.Release|Any CPU.Build.0 = Release|Any CPU
		{926522F7-C5FB-483F-B0C6-5E55FF949709}.Debug|Any CPU.ActiveCfg = Debug|Any CPU
		{926522F7-C5FB-483F-B0C6-5E55FF949709}.Debug|Any CPU.Build.0 = Debug|Any CPU
		{926522F7-C5FB-483F-B0C6-5E55FF949709}.Release|Any CPU.ActiveCfg = Release|Any CPU
		{926522F7-C5FB-483F-B0C6-5E55FF949709}.Release|Any CPU.Build.0 = Release|Any CPU
		{6FDC317F-53C8-4875-8EC4-9F598CF0A986}.Debug|Any CPU.ActiveCfg = Debug|Any CPU
		{6FDC317F-53C8-4875-8EC4-9F598CF0A986}.Debug|Any CPU.Build.0 = Debug|Any CPU
		{6FDC317F-53C8-4875-8EC4-9F598CF0A986}.Release|Any CPU.ActiveCfg = Release|Any CPU
		{6FDC317F-53C8-4875-8EC4-9F598CF0A986}.Release|Any CPU.Build.0 = Release|Any CPU
		{653D1C6F-A6AC-42FC-AF09-4B013B420825}.Debug|Any CPU.ActiveCfg = Debug|Any CPU
		{653D1C6F-A6AC-42FC-AF09-4B013B420825}.Debug|Any CPU.Build.0 = Debug|Any CPU
		{653D1C6F-A6AC-42FC-AF09-4B013B420825}.Release|Any CPU.ActiveCfg = Release|Any CPU
		{653D1C6F-A6AC-42FC-AF09-4B013B420825}.Release|Any CPU.Build.0 = Release|Any CPU
		{AEA0E1DC-E12E-434C-B58E-2CB8DC7F343A}.Debug|Any CPU.ActiveCfg = Debug|Any CPU
		{AEA0E1DC-E12E-434C-B58E-2CB8DC7F343A}.Debug|Any CPU.Build.0 = Debug|Any CPU
		{AEA0E1DC-E12E-434C-B58E-2CB8DC7F343A}.Release|Any CPU.ActiveCfg = Release|Any CPU
		{AEA0E1DC-E12E-434C-B58E-2CB8DC7F343A}.Release|Any CPU.Build.0 = Release|Any CPU
		{BB195141-4E11-44DB-A951-0C1BBA76FF3F}.Debug|Any CPU.ActiveCfg = Debug|Any CPU
		{BB195141-4E11-44DB-A951-0C1BBA76FF3F}.Debug|Any CPU.Build.0 = Debug|Any CPU
		{BB195141-4E11-44DB-A951-0C1BBA76FF3F}.Release|Any CPU.ActiveCfg = Release|Any CPU
		{BB195141-4E11-44DB-A951-0C1BBA76FF3F}.Release|Any CPU.Build.0 = Release|Any CPU
	EndGlobalSection
	GlobalSection(SolutionProperties) = preSolution
		HideSolutionNode = FALSE
	EndGlobalSection
	GlobalSection(NestedProjects) = preSolution
		{8AD9D4B5-D87A-48F5-997B-A1CD6522F733} = {F2017730-4BC1-4C19-BBF1-CB60B23BC5BA}
		{C6B8998A-FCB7-4C74-8F01-A6EFFF566D92} = {F2017730-4BC1-4C19-BBF1-CB60B23BC5BA}
		{4C143594-6EE5-48E5-A702-E3C9513DB095} = {F2017730-4BC1-4C19-BBF1-CB60B23BC5BA}
		{00A707F5-2024-4D0E-9510-C4EC4E4CEBDD} = {F2017730-4BC1-4C19-BBF1-CB60B23BC5BA}
		{C2237233-6BCF-411D-A72E-16C7686BBAB9} = {10F62EE8-2FFB-43C5-9DB4-3C880446DDCD}
		{7AB17ABF-6C79-4E79-9A73-45894C330249} = {10F62EE8-2FFB-43C5-9DB4-3C880446DDCD}
		{2215514D-2CCE-49DB-8E33-641A43FD8B84} = {10F62EE8-2FFB-43C5-9DB4-3C880446DDCD}
		{4DBF5148-B5C9-43CC-8FE2-A6FA95DAA7EB} = {10F62EE8-2FFB-43C5-9DB4-3C880446DDCD}
		{0CD5A362-2234-49D8-9B3B-1551C07201FF} = {10F62EE8-2FFB-43C5-9DB4-3C880446DDCD}
		{1C6A12F6-F440-47A8-9199-6FDE1840FA75} = {10F62EE8-2FFB-43C5-9DB4-3C880446DDCD}
		{B7F44894-6FBD-45B4-A6D9-540E582D0367} = {10F62EE8-2FFB-43C5-9DB4-3C880446DDCD}
		{C78EDC53-117A-40FC-9CE5-0574C25AEB1F} = {10F62EE8-2FFB-43C5-9DB4-3C880446DDCD}
		{617A9E19-52FC-4FCB-8A61-F8A54738686A} = {10F62EE8-2FFB-43C5-9DB4-3C880446DDCD}
		{0EB44EF5-1304-4FA6-9CCB-CF0BB6B7F895} = {10F62EE8-2FFB-43C5-9DB4-3C880446DDCD}
		{70962C0C-4EC6-42A3-B9DD-2B0C7BE17F93} = {10F62EE8-2FFB-43C5-9DB4-3C880446DDCD}
		{509B7FB1-9165-479A-8BD9-0B106368FB52} = {10F62EE8-2FFB-43C5-9DB4-3C880446DDCD}
		{D931B499-65B5-45A3-9B19-C3CE3F611035} = {10F62EE8-2FFB-43C5-9DB4-3C880446DDCD}
		{DE20A7CF-30E9-477A-8AD3-0E16907E4CC6} = {10F62EE8-2FFB-43C5-9DB4-3C880446DDCD}
		{69A43444-0350-460E-8410-606A05540175} = {BFFDD597-EF16-4F3A-9620-6BA4CC38F684}
		{5ACBE19B-1817-4B3C-A750-898CB2744D28} = {BFFDD597-EF16-4F3A-9620-6BA4CC38F684}
		{0987A0DA-B870-4DB1-8949-B1377C4E7D6E} = {BFFDD597-EF16-4F3A-9620-6BA4CC38F684}
		{BD193C67-F119-48D4-9BA0-747A87D80CCB} = {BFFDD597-EF16-4F3A-9620-6BA4CC38F684}
		{859D3341-0313-4448-B48D-E3EC7E07A157} = {BFFDD597-EF16-4F3A-9620-6BA4CC38F684}
		{418D0D45-57A4-4008-BCBC-057451188793} = {BFFDD597-EF16-4F3A-9620-6BA4CC38F684}
		{976E072D-3D1F-4157-ADD6-C1E6114D8D56} = {BFFDD597-EF16-4F3A-9620-6BA4CC38F684}
		{7534AC1E-B171-4A84-B38E-1F18E7794500} = {BFFDD597-EF16-4F3A-9620-6BA4CC38F684}
		{8ED1C729-ED72-45F1-BE24-4DCC394F5470} = {BFFDD597-EF16-4F3A-9620-6BA4CC38F684}
		{543B6D87-8EE1-45B4-BE1C-7DE7CB93EDAD} = {BFFDD597-EF16-4F3A-9620-6BA4CC38F684}
		{E0D3C2D2-5884-4856-BB41-71730F323B5C} = {BFFDD597-EF16-4F3A-9620-6BA4CC38F684}
		{AFA48F4A-54C3-450E-B730-B7C80BC3FF86} = {BFFDD597-EF16-4F3A-9620-6BA4CC38F684}
		{C335BB03-1459-4185-AC12-358E7A850174} = {BFFDD597-EF16-4F3A-9620-6BA4CC38F684}
		{624DD89D-CAEA-49CF-9936-1F84975E82C5} = {B046B15A-FA51-4042-9F78-115275DA816A}
		{289FF37F-F855-4D5C-A151-0342EBCB192F} = {B046B15A-FA51-4042-9F78-115275DA816A}
		{770FF099-51F5-4C74-8790-7AB3CF80304A} = {B046B15A-FA51-4042-9F78-115275DA816A}
		{B6D519A9-E0E4-421D-960A-6359C9DFE457} = {B046B15A-FA51-4042-9F78-115275DA816A}
		{90DF696F-08AD-4D0D-8892-B90F3955677C} = {B046B15A-FA51-4042-9F78-115275DA816A}
		{CB565C2C-06FD-461C-81FB-762F8FA24CD5} = {B046B15A-FA51-4042-9F78-115275DA816A}
		{A03734D7-9B3A-4E6A-963D-9FB265E9884A} = {B046B15A-FA51-4042-9F78-115275DA816A}
		{6F098936-02D3-4070-9F74-442D573D34F7} = {B046B15A-FA51-4042-9F78-115275DA816A}
		{264F3C97-9479-4A11-8351-14CFFD829C64} = {B046B15A-FA51-4042-9F78-115275DA816A}
		{DEB75ACB-A802-4AFD-9211-E700D0754F71} = {B046B15A-FA51-4042-9F78-115275DA816A}
		{9C79D169-600E-4B96-8B79-5AE8313BA899} = {B046B15A-FA51-4042-9F78-115275DA816A}
		{E62B3E49-FA8B-472B-982A-0B9C1CAA32A7} = {B046B15A-FA51-4042-9F78-115275DA816A}
		{C7FB7391-4B5E-4CB3-8409-38847745B4DA} = {B046B15A-FA51-4042-9F78-115275DA816A}
		{F93A6900-6796-4B83-B972-484E8E98A138} = {B046B15A-FA51-4042-9F78-115275DA816A}
		{8DFBECD0-30C8-4D6A-8CD0-DA9999EAD13A} = {B046B15A-FA51-4042-9F78-115275DA816A}
		{B84D7484-DCDA-45F9-859A-AA8F2BDD95B5} = {99C73CF3-0CD7-4C9A-8F7D-3B478CA95DA7}
		{07687EED-35C9-47C0-BF4B-CC68CA17D35C} = {99C73CF3-0CD7-4C9A-8F7D-3B478CA95DA7}
		{6878475D-63D7-46D0-8FB2-E22097A34EA6} = {99C73CF3-0CD7-4C9A-8F7D-3B478CA95DA7}
		{DE35394B-0B95-4D5B-BB8C-0F609C6C1885} = {99C73CF3-0CD7-4C9A-8F7D-3B478CA95DA7}
		{1AC0C00A-44F3-44A4-9E49-9AB6D8F74DE1} = {99C73CF3-0CD7-4C9A-8F7D-3B478CA95DA7}
		{4B7489B7-D333-4244-8ACE-39E1330838FC} = {99C73CF3-0CD7-4C9A-8F7D-3B478CA95DA7}
		{791B779E-EFD2-44D8-8669-105AC2D7A231} = {99C73CF3-0CD7-4C9A-8F7D-3B478CA95DA7}
		{2CE8B7A2-C2C7-4335-8515-4246FC84C589} = {99C73CF3-0CD7-4C9A-8F7D-3B478CA95DA7}
		{CFDA9C86-A1FB-46A6-BF8C-0EFF33F137C2} = {99C73CF3-0CD7-4C9A-8F7D-3B478CA95DA7}
		{A4E44838-C381-41EF-AB6B-6F6FD9892B2C} = {90877942-CFF0-4795-94D2-73503711EF52}
		{92733C05-7C2C-48FD-BDAC-6C6EFE7741A0} = {90877942-CFF0-4795-94D2-73503711EF52}
		{5C64BDCE-F11B-4CBA-817E-AFA8C5901AD1} = {90877942-CFF0-4795-94D2-73503711EF52}
		{4CAF389C-B696-4DD8-BB2B-1A3E20F69208} = {90877942-CFF0-4795-94D2-73503711EF52}
		{926522F7-C5FB-483F-B0C6-5E55FF949709} = {90877942-CFF0-4795-94D2-73503711EF52}
		{6FDC317F-53C8-4875-8EC4-9F598CF0A986} = {90877942-CFF0-4795-94D2-73503711EF52}
		{653D1C6F-A6AC-42FC-AF09-4B013B420825} = {90877942-CFF0-4795-94D2-73503711EF52}
		{AEA0E1DC-E12E-434C-B58E-2CB8DC7F343A} = {90877942-CFF0-4795-94D2-73503711EF52}
		{BB195141-4E11-44DB-A951-0C1BBA76FF3F} = {A7B47BE4-9A33-4EA3-B802-8ABE90503861}
	EndGlobalSection
	GlobalSection(ExtensibilityGlobals) = postSolution
		SolutionGuid = {773B7222-A349-44FF-924A-7D35138CB84A}
	EndGlobalSection
EndGlobal
