
Microsoft Visual Studio Solution File, Format Version 12.00
# Visual Studio Version 17
VisualStudioVersion = 17.1.32228.430
MinimumVisualStudioVersion = 10.0.40219.1
Project("{9A19103F-16F7-4668-BE54-9A1E7A4F7556}") = "Algorithm", "Algorithm\Algorithm.csproj", "{DCAA819A-D195-4E52-B9FC-AEF33D0E65B1}"
EndProject
Project("{2150E333-8FDC-42A3-9474-1A3956D46DE8}") = "0", "0", "{F2017730-4BC1-4C19-BBF1-CB60B23BC5BA}"
EndProject
Project("{2150E333-8FDC-42A3-9474-1A3956D46DE8}") = "1", "1", "{10F62EE8-2FFB-43C5-9DB4-3C880446DDCD}"
EndProject
Project("{2150E333-8FDC-42A3-9474-1A3956D46DE8}") = "2", "2", "{BFFDD597-EF16-4F3A-9620-6BA4CC38F684}"
EndProject
Project("{2150E333-8FDC-42A3-9474-1A3956D46DE8}") = "3", "3", "{B046B15A-FA51-4042-9F78-115275DA816A}"
EndProject
Project("{2150E333-8FDC-42A3-9474-1A3956D46DE8}") = "4", "4", "{99C73CF3-0CD7-4C9A-8F7D-3B478CA95DA7}"
EndProject
Project("{2150E333-8FDC-42A3-9474-1A3956D46DE8}") = "5", "5", "{90877942-CFF0-4795-94D2-73503711EF52}"
EndProject
Project("{2150E333-8FDC-42A3-9474-1A3956D46DE8}") = "6", "6", "{A7B47BE4-9A33-4EA3-B802-8ABE90503861}"
EndProject
Project("{2150E333-8FDC-42A3-9474-1A3956D46DE8}") = "7", "7", "{DCEF895A-A943-4F6B-AFF6-6A9ED89E1C1E}"
EndProject
Project("{2150E333-8FDC-42A3-9474-1A3956D46DE8}") = "8", "8", "{8EFFBC41-2278-4918-98CB-D30D09AEBB54}"
EndProject
Project("{9A19103F-16F7-4668-BE54-9A1E7A4F7556}") = "A_StringReversal", "8\A_StringReversal\A_StringReversal.csproj", "{69423C01-2301-4D2C-BBF8-189EFF10CF22}"
EndProject
Project("{9A19103F-16F7-4668-BE54-9A1E7A4F7556}") = "MovingAverage", "0\MovingAverage\MovingAverage.csproj", "{A6B4103C-C3F4-497F-9EB2-22292FC1DA8F}"
EndProject
Project("{9A19103F-16F7-4668-BE54-9A1E7A4F7556}") = "TwoChips2", "0\TwoChips2\TwoChips2.csproj", "{AC908107-DA46-4479-B31D-16400768806A}"
EndProject
Project("{9A19103F-16F7-4668-BE54-9A1E7A4F7556}") = "TwoСhips", "0\TwoСhips\TwoСhips.csproj", "{950D2381-1971-41AE-ACE3-493287AC46D9}"
EndProject
Project("{9A19103F-16F7-4668-BE54-9A1E7A4F7556}") = "Zipper", "0\Zipper\Zipper.csproj", "{8D6D24E0-FE7A-4C8E-A9C4-25EA2E228A5B}"
EndProject
Project("{9A19103F-16F7-4668-BE54-9A1E7A4F7556}") = "BinarySystem", "1\BinarySystem\BinarySystem.csproj", "{AE8E399A-0257-46BD-90DC-17299290F487}"
EndProject
Project("{9A19103F-16F7-4668-BE54-9A1E7A4F7556}") = "EvenAndOddNumbers", "1\EvenAndOddNumbers\EvenAndOddNumbers.csproj", "{1AA9073F-0890-4A3E-B769-DD349D25FC16}"
EndProject
Project("{9A19103F-16F7-4668-BE54-9A1E7A4F7556}") = "ExtraLetter", "1\ExtraLetter\ExtraLetter.csproj", "{DECDF260-6CB2-4E7B-A181-0D7962F469C4}"
EndProject
Project("{9A19103F-16F7-4668-BE54-9A1E7A4F7556}") = "Factorization", "1\Factorization\Factorization.csproj", "{B61FB342-9371-447D-B989-CD82345018F9}"
EndProject
Project("{9A19103F-16F7-4668-BE54-9A1E7A4F7556}") = "FunctionValue", "1\FunctionValue\FunctionValue.csproj", "{1E50880F-398F-4E3B-9FBE-F77B20FA01E0}"
EndProject
Project("{9A19103F-16F7-4668-BE54-9A1E7A4F7556}") = "ListForm", "1\ListForm\ListForm.csproj", "{3E056164-8EFB-4CA3-9BDD-A2A34F024120}"
EndProject
Project("{9A19103F-16F7-4668-BE54-9A1E7A4F7556}") = "LongestWord", "1\LongestWord\LongestWord.csproj", "{DD3F9DB3-8F93-4055-9F44-8B25C1595C96}"
EndProject
Project("{9A19103F-16F7-4668-BE54-9A1E7A4F7556}") = "NearestZero", "1\NearestZero\NearestZero.csproj", "{995BA7F5-8AD9-4B8B-9B50-798DAEF17CE6}"
EndProject
Project("{9A19103F-16F7-4668-BE54-9A1E7A4F7556}") = "Neighbours", "1\Neighbours\Neighbours.csproj", "{E201C989-F250-4D0E-A6CA-CBE432A1259C}"
EndProject
Project("{9A19103F-16F7-4668-BE54-9A1E7A4F7556}") = "Palindrome", "1\Palindrome\Palindrome.csproj", "{16843B5A-2280-4B6F-9C19-F4EA19344B3F}"
EndProject
Project("{9A19103F-16F7-4668-BE54-9A1E7A4F7556}") = "PowerOfFour", "1\PowerOfFour\PowerOfFour.csproj", "{78660F98-C59C-425E-B6ED-8C2ED41DB5D9}"
EndProject
Project("{9A19103F-16F7-4668-BE54-9A1E7A4F7556}") = "RandomWeather", "1\RandomWeather\RandomWeather.csproj", "{2DA788E8-C262-4B53-802A-6A67874C6136}"
EndProject
Project("{9A19103F-16F7-4668-BE54-9A1E7A4F7556}") = "SleightOfHand", "1\SleightOfHand\SleightOfHand.csproj", "{B70DE19F-ECAC-47F0-A359-6CDEFE317A91}"
EndProject
Project("{9A19103F-16F7-4668-BE54-9A1E7A4F7556}") = "WorkFromHome", "1\WorkFromHome\WorkFromHome.csproj", "{03E8672D-5394-4296-840E-D6C70EB5E70B}"
EndProject
Project("{9A19103F-16F7-4668-BE54-9A1E7A4F7556}") = "A_Monitoring", "2\A_Monitoring\A_Monitoring.csproj", "{62E454BE-03EE-455E-A046-680A39712C22}"
EndProject
Project("{9A19103F-16F7-4668-BE54-9A1E7A4F7556}") = "B_ToDoList", "2\B_ToDoList\B_ToDoList.csproj", "{64031949-C0AB-47DE-9621-8E9F65C672B2}"
EndProject
Project("{9A19103F-16F7-4668-BE54-9A1E7A4F7556}") = "C_UnlovedBusiness", "2\C_UnlovedBusiness\C_UnlovedBusiness.csproj", "{0BD37145-EDB9-414F-B332-8BA2164163AA}"
EndProject
Project("{9A19103F-16F7-4668-BE54-9A1E7A4F7556}") = "D_CaringMother", "2\D_CaringMother\D_CaringMother.csproj", "{6344C232-EB1F-4AFA-B417-AE81A13C4DEE}"
EndProject
Project("{9A19103F-16F7-4668-BE54-9A1E7A4F7556}") = "E_ItsTheOtherWayAround", "2\E_ItsTheOtherWayAround\E_ItsTheOtherWayAround.csproj", "{252F97E2-DC37-447B-8D0F-A8A6E3963181}"
EndProject
Project("{9A19103F-16F7-4668-BE54-9A1E7A4F7556}") = "F_StackMax", "2\F_StackMax\F_StackMax.csproj", "{3B3F93DE-0809-43D2-ADF2-990988EF09B5}"
EndProject
Project("{9A19103F-16F7-4668-BE54-9A1E7A4F7556}") = "G_StackMaxEffective", "2\G_StackMaxEffective\G_StackMaxEffective.csproj", "{28C19989-442E-4D5F-B6B8-A5F7759F9422}"
EndProject
Project("{9A19103F-16F7-4668-BE54-9A1E7A4F7556}") = "H_BracketSequence", "2\H_BracketSequence\H_BracketSequence.csproj", "{C1DBE121-FD47-4EEB-B4CE-84903FF1369C}"
EndProject
Project("{9A19103F-16F7-4668-BE54-9A1E7A4F7556}") = "I_LimitedQueue", "2\I_LimitedQueue\I_LimitedQueue.csproj", "{71B5FF6F-853F-4E0F-B00F-09A98CCA6B66}"
EndProject
Project("{9A19103F-16F7-4668-BE54-9A1E7A4F7556}") = "J_ListQueue", "2\J_ListQueue\J_ListQueue.csproj", "{66BACEEB-8287-4764-B6D6-4E5B1FCD001B}"
EndProject
Project("{9A19103F-16F7-4668-BE54-9A1E7A4F7556}") = "K_RecursiveFibonacciNumbers", "2\K_RecursiveFibonacciNumbers\K_RecursiveFibonacciNumbers.csproj", "{196CFA52-009F-4568-8BF5-3E8C8A112A42}"
EndProject
Project("{9A19103F-16F7-4668-BE54-9A1E7A4F7556}") = "L_FibonacciModulo", "2\L_FibonacciModulo\L_FibonacciModulo.csproj", "{39C98A44-E7D2-4AA0-B676-A8E71FA4CDE8}"
EndProject
Project("{9A19103F-16F7-4668-BE54-9A1E7A4F7556}") = "P_PartialSorting", "3\P_PartialSorting\P_PartialSorting.csproj", "{6CB4E7FE-B33A-40DD-995A-25334241958D}"
EndProject
Project("{9A19103F-16F7-4668-BE54-9A1E7A4F7556}") = "O_DifferenceOfTrashIndices", "3\O_DifferenceOfTrashIndices\O_DifferenceOfTrashIndices.csproj", "{8C19341C-29E6-4233-87B8-522A569F21B7}"
EndProject
Project("{9A19103F-16F7-4668-BE54-9A1E7A4F7556}") = "N_Flowerbeds", "3\N_Flowerbeds\N_Flowerbeds.csproj", "{97116A0B-6A52-4F11-915C-676F6D2AFDEF}"
EndProject
Project("{9A19103F-16F7-4668-BE54-9A1E7A4F7556}") = "L_TwoBicycles", "3\L_TwoBicycles\L_TwoBicycles.csproj", "{1373C470-C7F0-4A03-804A-06D7E6DA3F0D}"
EndProject
Project("{9A19103F-16F7-4668-BE54-9A1E7A4F7556}") = "K_MergeSort", "3\K_MergeSort\K_MergeSort.csproj", "{A085A8E5-1985-4ECD-A5F7-4754C18A3E1D}"
EndProject
Project("{9A19103F-16F7-4668-BE54-9A1E7A4F7556}") = "J_Bubble", "3\J_Bubble\J_Bubble.csproj", "{C4A2C6B3-3878-4EF8-BCA0-984F91C03911}"
EndProject
Project("{9A19103F-16F7-4668-BE54-9A1E7A4F7556}") = "I_ConferenceLovers", "3\I_ConferenceLovers\I_ConferenceLovers.csproj", "{6E0BF851-21B3-4AB2-8982-8BCEFDA01E1E}"
EndProject
Project("{9A19103F-16F7-4668-BE54-9A1E7A4F7556}") = "H_LargeNumber", "3\H_LargeNumber\H_LargeNumber.csproj", "{00D4F24D-58DB-4E0E-B051-3022AD837107}"
EndProject
Project("{9A19103F-16F7-4668-BE54-9A1E7A4F7556}") = "G_Wardrobe", "3\G_Wardrobe\G_Wardrobe.csproj", "{F180CB86-F8F9-44F4-9855-0C5D9A280517}"
EndProject
Project("{9A19103F-16F7-4668-BE54-9A1E7A4F7556}") = "F_TrianglePerimeter", "3\F_TrianglePerimeter\F_TrianglePerimeter.csproj", "{8469FC39-E8FC-4953-9F5D-D9970CD33672}"
EndProject
Project("{9A19103F-16F7-4668-BE54-9A1E7A4F7556}") = "E_BuyingHouses", "3\E_BuyingHouses\E_BuyingHouses.csproj", "{F208EAED-26AA-40A6-8092-BAE057692D05}"
EndProject
Project("{9A19103F-16F7-4668-BE54-9A1E7A4F7556}") = "D_Cookies", "3\D_Cookies\D_Cookies.csproj", "{88CEDE62-CEC4-46F5-9D73-08BAFEA68D79}"
EndProject
Project("{9A19103F-16F7-4668-BE54-9A1E7A4F7556}") = "C_Subsequence", "3\C_Subsequence\C_Subsequence.csproj", "{89F7A617-6784-4C18-8BB7-B12957292B4E}"
EndProject
Project("{9A19103F-16F7-4668-BE54-9A1E7A4F7556}") = "B_Combinations", "3\B_Combinations\B_Combinations.csproj", "{D260FF67-EC16-4F61-A74B-C78BD8D81DB7}"
EndProject
Project("{9A19103F-16F7-4668-BE54-9A1E7A4F7556}") = "A_ParenthesesGenerator", "3\A_ParenthesesGenerator\A_ParenthesesGenerator.csproj", "{526332C7-8698-4F6C-9C8B-6A1F586CED82}"
EndProject
Project("{9A19103F-16F7-4668-BE54-9A1E7A4F7556}") = "J_SumOfFours", "4\J_SumOfFours\J_SumOfFours.csproj", "{FC14FDD3-3374-4C3E-A148-BBFDB9C498C7}"
EndProject
Project("{9A19103F-16F7-4668-BE54-9A1E7A4F7556}") = "H_StrangeComparison", "4\H_StrangeComparison\H_StrangeComparison.csproj", "{16AD58CC-D1A0-4529-9F93-1FA4B5960A68}"
EndProject
Project("{9A19103F-16F7-4668-BE54-9A1E7A4F7556}") = "G_Competition", "4\G_Competition\G_Competition.csproj", "{663EEBF0-48EF-4744-859F-34BC41C5CDD0}"
EndProject
Project("{9A19103F-16F7-4668-BE54-9A1E7A4F7556}") = "F_AnagramGrouping", "4\F_AnagramGrouping\F_AnagramGrouping.csproj", "{4014C16E-5A1A-4BCC-B661-D9785DA8281C}"
EndProject
Project("{9A19103F-16F7-4668-BE54-9A1E7A4F7556}") = "E_Substrings", "4\E_Substrings\E_Substrings.csproj", "{91683E8C-7312-4309-8DC1-DC129A5C11E6}"
EndProject
Project("{9A19103F-16F7-4668-BE54-9A1E7A4F7556}") = "D_Mugs", "4\D_Mugs\D_Mugs.csproj", "{AB776AB7-5E47-4F18-93D3-B6A4E4B1541A}"
EndProject
Project("{9A19103F-16F7-4668-BE54-9A1E7A4F7556}") = "C_PrefixHashes", "4\C_PrefixHashes\C_PrefixHashes.csproj", "{57DDBB14-FCF4-43ED-B648-84C2CC376F98}"
EndProject
Project("{9A19103F-16F7-4668-BE54-9A1E7A4F7556}") = "B_BreakMe", "4\B_BreakMe\B_BreakMe.csproj", "{9C222507-FC17-437C-8A10-07354A863FF4}"
EndProject
Project("{9A19103F-16F7-4668-BE54-9A1E7A4F7556}") = "A_PolynomialHash", "4\A_PolynomialHash\A_PolynomialHash.csproj", "{EE3F6C32-EF68-4927-B966-6E418BAACC22}"
EndProject
Project("{9A19103F-16F7-4668-BE54-9A1E7A4F7556}") = "M_SiftUp", "5\M_SiftUp\M_SiftUp.csproj", "{03E1DFF5-07B8-471A-BD2E-91CFBE8777EF}"
EndProject
Project("{9A19103F-16F7-4668-BE54-9A1E7A4F7556}") = "L_SiftDown", "5\L_SiftDown\L_SiftDown.csproj", "{3A5EDD09-6500-4AF7-9167-7CFAA718505D}"
EndProject
Project("{9A19103F-16F7-4668-BE54-9A1E7A4F7556}") = "K_BringOutTheRange", "5\K_BringOutTheRange\K_BringOutTheRange.csproj", "{F96514BF-3789-4612-A000-80171BB750A1}"
EndProject
Project("{9A19103F-16F7-4668-BE54-9A1E7A4F7556}") = "J_AddNode", "5\J_AddNode\J_AddNode.csproj", "{F64727CB-8166-4A03-A91C-295223D736B1}"
EndProject
Project("{9A19103F-16F7-4668-BE54-9A1E7A4F7556}") = "I_DifferentSearchTrees", "5\I_DifferentSearchTrees\I_DifferentSearchTrees.csproj", "{7813F48D-9BEE-4CBD-8AB3-9C46C7208FFA}"
EndProject
Project("{9A19103F-16F7-4668-BE54-9A1E7A4F7556}") = "E_SearchTree", "5\E_SearchTree\E_SearchTree.csproj", "{6873E5EC-98C6-4F18-8FF2-6FA5924A8353}"
EndProject
Project("{9A19103F-16F7-4668-BE54-9A1E7A4F7556}") = "B_BalancedTree", "5\B_BalancedTree\B_BalancedTree.csproj", "{98C39B7B-656D-401C-AF36-E1F3C28CF671}"
EndProject
Project("{9A19103F-16F7-4668-BE54-9A1E7A4F7556}") = "A_Bulbs", "5\A_Bulbs\A_Bulbs.csproj", "{36A0DBFF-5FE0-43C6-B991-0EFB8A8EE291}"
EndProject
Project("{9A19103F-16F7-4668-BE54-9A1E7A4F7556}") = "K_Attractions", "6\K_Attractions\K_Attractions.csproj", "{4C2C5E80-B5D1-4406-A9E1-8C0B77AB6ACC}"
EndProject
Project("{9A19103F-16F7-4668-BE54-9A1E7A4F7556}") = "J_TopologicalSort", "6\J_TopologicalSort\J_TopologicalSort.csproj", "{0231AFB7-D536-4EF9-9D51-B032A103920B}"
EndProject
Project("{9A19103F-16F7-4668-BE54-9A1E7A4F7556}") = "H_TimeToGoOut", "6\H_TimeToGoOut\H_TimeToGoOut.csproj", "{4CC13C53-EAD6-4733-99CF-845DA9AE06FB}"
EndProject
Project("{9A19103F-16F7-4668-BE54-9A1E7A4F7556}") = "G_MaximumDistance", "6\G_MaximumDistance\G_MaximumDistance.csproj", "{BFEF060B-33D9-49D9-88A9-D0F9AB1CAE52}"
EndProject
Project("{9A19103F-16F7-4668-BE54-9A1E7A4F7556}") = "E_ConnectivityComponents", "6\E_ConnectivityComponents\E_ConnectivityComponents.csproj", "{EFEE41A2-252D-413C-ACCC-52D7E38AC4F9}"
EndProject
Project("{9A19103F-16F7-4668-BE54-9A1E7A4F7556}") = "D_BFS", "6\D_BFS\D_BFS.csproj", "{D32B9E85-6FC8-4F12-97B0-8DC55CA79628}"
EndProject
Project("{9A19103F-16F7-4668-BE54-9A1E7A4F7556}") = "C_DFS", "6\C_DFS\C_DFS.csproj", "{3EB5ECC5-57F7-40E9-948A-CC8B26949ED9}"
EndProject
Project("{9A19103F-16F7-4668-BE54-9A1E7A4F7556}") = "B_ConvertListOfEdgesToAdjacencyMatrix", "6\B_ConvertListOfEdgesToAdjacencyMatrix\B_ConvertListOfEdgesToAdjacencyMatrix.csproj", "{ED0E4EBB-F14C-4D16-B868-59D48D000787}"
EndProject
Project("{9A19103F-16F7-4668-BE54-9A1E7A4F7556}") = "A_BuildAnAdjacencyList", "6\A_BuildAnAdjacencyList\A_BuildAnAdjacencyList.csproj", "{C9C00413-3B43-4925-A940-92F2798B814F}"
EndProject
Project("{9A19103F-16F7-4668-BE54-9A1E7A4F7556}") = "Nop", "7\Nop\Nop.csproj", "{100E485D-6A95-4666-955E-987236C84AD4}"
EndProject
Project("{9A19103F-16F7-4668-BE54-9A1E7A4F7556}") = "L_LeprechaunGold", "7\L_LeprechaunGold\L_LeprechaunGold.csproj", "{A88BF1E9-E3FE-4293-8502-74D9E3D66375}"
EndProject
Project("{9A19103F-16F7-4668-BE54-9A1E7A4F7556}") = "K_Horoscopes", "7\K_Horoscopes\K_Horoscopes.csproj", "{0081C6BD-87DF-404D-82E5-E4353BA6FCFF}"
EndProject
Project("{9A19103F-16F7-4668-BE54-9A1E7A4F7556}") = "I_ComplexFlowerField", "7\I_ComplexFlowerField\I_ComplexFlowerField.csproj", "{36F37DD3-AA67-45E1-840B-2EECC297F0AF}"
EndProject
Project("{9A19103F-16F7-4668-BE54-9A1E7A4F7556}") = "H_FlowerField", "7\H_FlowerField\H_FlowerField.csproj", "{E96BD614-962E-4777-AF35-8679D70DC106}"
EndProject
Project("{9A19103F-16F7-4668-BE54-9A1E7A4F7556}") = "F_LadderJumping", "7\F_LadderJumping\F_LadderJumping.csproj", "{6935D68C-490C-4707-A68E-F20423E4A444}"
EndProject
Project("{9A19103F-16F7-4668-BE54-9A1E7A4F7556}") = "C_GoldRush", "7\C_GoldRush\C_GoldRush.csproj", "{CBA2FC20-160D-4B3E-99B3-22662C927640}"
EndProject
Project("{9A19103F-16F7-4668-BE54-9A1E7A4F7556}") = "B_Schedule", "7\B_Schedule\B_Schedule.csproj", "{DF6CEB41-3A04-4047-886E-B58CAC68225A}"
EndProject
Project("{9A19103F-16F7-4668-BE54-9A1E7A4F7556}") = "A_Exchange", "7\A_Exchange\A_Exchange.csproj", "{F9A50CAA-4E81-4C2E-B5F1-747FFA878B83}"
EndProject
Project("{9A19103F-16F7-4668-BE54-9A1E7A4F7556}") = "E_InsertingStrings", "8\E_InsertingStrings\E_InsertingStrings.csproj", "{2FF34924-40E9-4A26-AE9B-F86C695BB4E6}"
EndProject
Project("{9A19103F-16F7-4668-BE54-9A1E7A4F7556}") = "B_BorderControl", "8\B_BorderControl\B_BorderControl.csproj", "{9F8D6EC1-F7EB-4C05-AD87-4DF3E5998FCB}"
EndProject
Project("{9A19103F-16F7-4668-BE54-9A1E7A4F7556}") = "K_CompareTwoStrings", "8\K_CompareTwoStrings\K_CompareTwoStrings.csproj", "{5D62F596-8E15-4EE6-AAA7-051C422CBA7C}"
EndProject
Project("{9A19103F-16F7-4668-BE54-9A1E7A4F7556}") = "L_PrefixFunction", "8\L_PrefixFunction\L_PrefixFunction.csproj", "{1D1A5DDB-9EA0-42DF-B7C2-B698EF2F5166}"
EndProject
Project("{9A19103F-16F7-4668-BE54-9A1E7A4F7556}") = "G_ShiftSearch", "8\G_ShiftSearch\G_ShiftSearch.csproj", "{B3D1D8AB-F9F2-422B-A4C6-59E211BF0DFC}"
EndProject
Global
	GlobalSection(SolutionConfigurationPlatforms) = preSolution
		Debug|Any CPU = Debug|Any CPU
		Release|Any CPU = Release|Any CPU
	EndGlobalSection
	GlobalSection(ProjectConfigurationPlatforms) = postSolution
		{DCAA819A-D195-4E52-B9FC-AEF33D0E65B1}.Debug|Any CPU.ActiveCfg = Debug|Any CPU
		{DCAA819A-D195-4E52-B9FC-AEF33D0E65B1}.Debug|Any CPU.Build.0 = Debug|Any CPU
		{DCAA819A-D195-4E52-B9FC-AEF33D0E65B1}.Release|Any CPU.ActiveCfg = Release|Any CPU
		{DCAA819A-D195-4E52-B9FC-AEF33D0E65B1}.Release|Any CPU.Build.0 = Release|Any CPU
		{69423C01-2301-4D2C-BBF8-189EFF10CF22}.Debug|Any CPU.ActiveCfg = Debug|Any CPU
		{69423C01-2301-4D2C-BBF8-189EFF10CF22}.Debug|Any CPU.Build.0 = Debug|Any CPU
		{69423C01-2301-4D2C-BBF8-189EFF10CF22}.Release|Any CPU.ActiveCfg = Release|Any CPU
		{69423C01-2301-4D2C-BBF8-189EFF10CF22}.Release|Any CPU.Build.0 = Release|Any CPU
		{A6B4103C-C3F4-497F-9EB2-22292FC1DA8F}.Debug|Any CPU.ActiveCfg = Debug|Any CPU
		{A6B4103C-C3F4-497F-9EB2-22292FC1DA8F}.Debug|Any CPU.Build.0 = Debug|Any CPU
		{A6B4103C-C3F4-497F-9EB2-22292FC1DA8F}.Release|Any CPU.ActiveCfg = Release|Any CPU
		{A6B4103C-C3F4-497F-9EB2-22292FC1DA8F}.Release|Any CPU.Build.0 = Release|Any CPU
		{AC908107-DA46-4479-B31D-16400768806A}.Debug|Any CPU.ActiveCfg = Debug|Any CPU
		{AC908107-DA46-4479-B31D-16400768806A}.Debug|Any CPU.Build.0 = Debug|Any CPU
		{AC908107-DA46-4479-B31D-16400768806A}.Release|Any CPU.ActiveCfg = Release|Any CPU
		{AC908107-DA46-4479-B31D-16400768806A}.Release|Any CPU.Build.0 = Release|Any CPU
		{950D2381-1971-41AE-ACE3-493287AC46D9}.Debug|Any CPU.ActiveCfg = Debug|Any CPU
		{950D2381-1971-41AE-ACE3-493287AC46D9}.Debug|Any CPU.Build.0 = Debug|Any CPU
		{950D2381-1971-41AE-ACE3-493287AC46D9}.Release|Any CPU.ActiveCfg = Release|Any CPU
		{950D2381-1971-41AE-ACE3-493287AC46D9}.Release|Any CPU.Build.0 = Release|Any CPU
		{8D6D24E0-FE7A-4C8E-A9C4-25EA2E228A5B}.Debug|Any CPU.ActiveCfg = Debug|Any CPU
		{8D6D24E0-FE7A-4C8E-A9C4-25EA2E228A5B}.Debug|Any CPU.Build.0 = Debug|Any CPU
		{8D6D24E0-FE7A-4C8E-A9C4-25EA2E228A5B}.Release|Any CPU.ActiveCfg = Release|Any CPU
		{8D6D24E0-FE7A-4C8E-A9C4-25EA2E228A5B}.Release|Any CPU.Build.0 = Release|Any CPU
		{AE8E399A-0257-46BD-90DC-17299290F487}.Debug|Any CPU.ActiveCfg = Debug|Any CPU
		{AE8E399A-0257-46BD-90DC-17299290F487}.Debug|Any CPU.Build.0 = Debug|Any CPU
		{AE8E399A-0257-46BD-90DC-17299290F487}.Release|Any CPU.ActiveCfg = Release|Any CPU
		{AE8E399A-0257-46BD-90DC-17299290F487}.Release|Any CPU.Build.0 = Release|Any CPU
		{1AA9073F-0890-4A3E-B769-DD349D25FC16}.Debug|Any CPU.ActiveCfg = Debug|Any CPU
		{1AA9073F-0890-4A3E-B769-DD349D25FC16}.Debug|Any CPU.Build.0 = Debug|Any CPU
		{1AA9073F-0890-4A3E-B769-DD349D25FC16}.Release|Any CPU.ActiveCfg = Release|Any CPU
		{1AA9073F-0890-4A3E-B769-DD349D25FC16}.Release|Any CPU.Build.0 = Release|Any CPU
		{DECDF260-6CB2-4E7B-A181-0D7962F469C4}.Debug|Any CPU.ActiveCfg = Debug|Any CPU
		{DECDF260-6CB2-4E7B-A181-0D7962F469C4}.Debug|Any CPU.Build.0 = Debug|Any CPU
		{DECDF260-6CB2-4E7B-A181-0D7962F469C4}.Release|Any CPU.ActiveCfg = Release|Any CPU
		{DECDF260-6CB2-4E7B-A181-0D7962F469C4}.Release|Any CPU.Build.0 = Release|Any CPU
		{B61FB342-9371-447D-B989-CD82345018F9}.Debug|Any CPU.ActiveCfg = Debug|Any CPU
		{B61FB342-9371-447D-B989-CD82345018F9}.Debug|Any CPU.Build.0 = Debug|Any CPU
		{B61FB342-9371-447D-B989-CD82345018F9}.Release|Any CPU.ActiveCfg = Release|Any CPU
		{B61FB342-9371-447D-B989-CD82345018F9}.Release|Any CPU.Build.0 = Release|Any CPU
		{1E50880F-398F-4E3B-9FBE-F77B20FA01E0}.Debug|Any CPU.ActiveCfg = Debug|Any CPU
		{1E50880F-398F-4E3B-9FBE-F77B20FA01E0}.Debug|Any CPU.Build.0 = Debug|Any CPU
		{1E50880F-398F-4E3B-9FBE-F77B20FA01E0}.Release|Any CPU.ActiveCfg = Release|Any CPU
		{1E50880F-398F-4E3B-9FBE-F77B20FA01E0}.Release|Any CPU.Build.0 = Release|Any CPU
		{3E056164-8EFB-4CA3-9BDD-A2A34F024120}.Debug|Any CPU.ActiveCfg = Debug|Any CPU
		{3E056164-8EFB-4CA3-9BDD-A2A34F024120}.Debug|Any CPU.Build.0 = Debug|Any CPU
		{3E056164-8EFB-4CA3-9BDD-A2A34F024120}.Release|Any CPU.ActiveCfg = Release|Any CPU
		{3E056164-8EFB-4CA3-9BDD-A2A34F024120}.Release|Any CPU.Build.0 = Release|Any CPU
		{DD3F9DB3-8F93-4055-9F44-8B25C1595C96}.Debug|Any CPU.ActiveCfg = Debug|Any CPU
		{DD3F9DB3-8F93-4055-9F44-8B25C1595C96}.Debug|Any CPU.Build.0 = Debug|Any CPU
		{DD3F9DB3-8F93-4055-9F44-8B25C1595C96}.Release|Any CPU.ActiveCfg = Release|Any CPU
		{DD3F9DB3-8F93-4055-9F44-8B25C1595C96}.Release|Any CPU.Build.0 = Release|Any CPU
		{995BA7F5-8AD9-4B8B-9B50-798DAEF17CE6}.Debug|Any CPU.ActiveCfg = Debug|Any CPU
		{995BA7F5-8AD9-4B8B-9B50-798DAEF17CE6}.Debug|Any CPU.Build.0 = Debug|Any CPU
		{995BA7F5-8AD9-4B8B-9B50-798DAEF17CE6}.Release|Any CPU.ActiveCfg = Release|Any CPU
		{995BA7F5-8AD9-4B8B-9B50-798DAEF17CE6}.Release|Any CPU.Build.0 = Release|Any CPU
		{E201C989-F250-4D0E-A6CA-CBE432A1259C}.Debug|Any CPU.ActiveCfg = Debug|Any CPU
		{E201C989-F250-4D0E-A6CA-CBE432A1259C}.Debug|Any CPU.Build.0 = Debug|Any CPU
		{E201C989-F250-4D0E-A6CA-CBE432A1259C}.Release|Any CPU.ActiveCfg = Release|Any CPU
		{E201C989-F250-4D0E-A6CA-CBE432A1259C}.Release|Any CPU.Build.0 = Release|Any CPU
		{16843B5A-2280-4B6F-9C19-F4EA19344B3F}.Debug|Any CPU.ActiveCfg = Debug|Any CPU
		{16843B5A-2280-4B6F-9C19-F4EA19344B3F}.Debug|Any CPU.Build.0 = Debug|Any CPU
		{16843B5A-2280-4B6F-9C19-F4EA19344B3F}.Release|Any CPU.ActiveCfg = Release|Any CPU
		{16843B5A-2280-4B6F-9C19-F4EA19344B3F}.Release|Any CPU.Build.0 = Release|Any CPU
		{78660F98-C59C-425E-B6ED-8C2ED41DB5D9}.Debug|Any CPU.ActiveCfg = Debug|Any CPU
		{78660F98-C59C-425E-B6ED-8C2ED41DB5D9}.Debug|Any CPU.Build.0 = Debug|Any CPU
		{78660F98-C59C-425E-B6ED-8C2ED41DB5D9}.Release|Any CPU.ActiveCfg = Release|Any CPU
		{78660F98-C59C-425E-B6ED-8C2ED41DB5D9}.Release|Any CPU.Build.0 = Release|Any CPU
		{2DA788E8-C262-4B53-802A-6A67874C6136}.Debug|Any CPU.ActiveCfg = Debug|Any CPU
		{2DA788E8-C262-4B53-802A-6A67874C6136}.Debug|Any CPU.Build.0 = Debug|Any CPU
		{2DA788E8-C262-4B53-802A-6A67874C6136}.Release|Any CPU.ActiveCfg = Release|Any CPU
		{2DA788E8-C262-4B53-802A-6A67874C6136}.Release|Any CPU.Build.0 = Release|Any CPU
		{B70DE19F-ECAC-47F0-A359-6CDEFE317A91}.Debug|Any CPU.ActiveCfg = Debug|Any CPU
		{B70DE19F-ECAC-47F0-A359-6CDEFE317A91}.Debug|Any CPU.Build.0 = Debug|Any CPU
		{B70DE19F-ECAC-47F0-A359-6CDEFE317A91}.Release|Any CPU.ActiveCfg = Release|Any CPU
		{B70DE19F-ECAC-47F0-A359-6CDEFE317A91}.Release|Any CPU.Build.0 = Release|Any CPU
		{03E8672D-5394-4296-840E-D6C70EB5E70B}.Debug|Any CPU.ActiveCfg = Debug|Any CPU
		{03E8672D-5394-4296-840E-D6C70EB5E70B}.Debug|Any CPU.Build.0 = Debug|Any CPU
		{03E8672D-5394-4296-840E-D6C70EB5E70B}.Release|Any CPU.ActiveCfg = Release|Any CPU
		{03E8672D-5394-4296-840E-D6C70EB5E70B}.Release|Any CPU.Build.0 = Release|Any CPU
		{62E454BE-03EE-455E-A046-680A39712C22}.Debug|Any CPU.ActiveCfg = Debug|Any CPU
		{62E454BE-03EE-455E-A046-680A39712C22}.Debug|Any CPU.Build.0 = Debug|Any CPU
		{62E454BE-03EE-455E-A046-680A39712C22}.Release|Any CPU.ActiveCfg = Release|Any CPU
		{62E454BE-03EE-455E-A046-680A39712C22}.Release|Any CPU.Build.0 = Release|Any CPU
		{64031949-C0AB-47DE-9621-8E9F65C672B2}.Debug|Any CPU.ActiveCfg = Debug|Any CPU
		{64031949-C0AB-47DE-9621-8E9F65C672B2}.Debug|Any CPU.Build.0 = Debug|Any CPU
		{64031949-C0AB-47DE-9621-8E9F65C672B2}.Release|Any CPU.ActiveCfg = Release|Any CPU
		{64031949-C0AB-47DE-9621-8E9F65C672B2}.Release|Any CPU.Build.0 = Release|Any CPU
		{0BD37145-EDB9-414F-B332-8BA2164163AA}.Debug|Any CPU.ActiveCfg = Debug|Any CPU
		{0BD37145-EDB9-414F-B332-8BA2164163AA}.Debug|Any CPU.Build.0 = Debug|Any CPU
		{0BD37145-EDB9-414F-B332-8BA2164163AA}.Release|Any CPU.ActiveCfg = Release|Any CPU
		{0BD37145-EDB9-414F-B332-8BA2164163AA}.Release|Any CPU.Build.0 = Release|Any CPU
		{6344C232-EB1F-4AFA-B417-AE81A13C4DEE}.Debug|Any CPU.ActiveCfg = Debug|Any CPU
		{6344C232-EB1F-4AFA-B417-AE81A13C4DEE}.Debug|Any CPU.Build.0 = Debug|Any CPU
		{6344C232-EB1F-4AFA-B417-AE81A13C4DEE}.Release|Any CPU.ActiveCfg = Release|Any CPU
		{6344C232-EB1F-4AFA-B417-AE81A13C4DEE}.Release|Any CPU.Build.0 = Release|Any CPU
		{252F97E2-DC37-447B-8D0F-A8A6E3963181}.Debug|Any CPU.ActiveCfg = Debug|Any CPU
		{252F97E2-DC37-447B-8D0F-A8A6E3963181}.Debug|Any CPU.Build.0 = Debug|Any CPU
		{252F97E2-DC37-447B-8D0F-A8A6E3963181}.Release|Any CPU.ActiveCfg = Release|Any CPU
		{252F97E2-DC37-447B-8D0F-A8A6E3963181}.Release|Any CPU.Build.0 = Release|Any CPU
		{3B3F93DE-0809-43D2-ADF2-990988EF09B5}.Debug|Any CPU.ActiveCfg = Debug|Any CPU
		{3B3F93DE-0809-43D2-ADF2-990988EF09B5}.Debug|Any CPU.Build.0 = Debug|Any CPU
		{3B3F93DE-0809-43D2-ADF2-990988EF09B5}.Release|Any CPU.ActiveCfg = Release|Any CPU
		{3B3F93DE-0809-43D2-ADF2-990988EF09B5}.Release|Any CPU.Build.0 = Release|Any CPU
		{28C19989-442E-4D5F-B6B8-A5F7759F9422}.Debug|Any CPU.ActiveCfg = Debug|Any CPU
		{28C19989-442E-4D5F-B6B8-A5F7759F9422}.Debug|Any CPU.Build.0 = Debug|Any CPU
		{28C19989-442E-4D5F-B6B8-A5F7759F9422}.Release|Any CPU.ActiveCfg = Release|Any CPU
		{28C19989-442E-4D5F-B6B8-A5F7759F9422}.Release|Any CPU.Build.0 = Release|Any CPU
		{C1DBE121-FD47-4EEB-B4CE-84903FF1369C}.Debug|Any CPU.ActiveCfg = Debug|Any CPU
		{C1DBE121-FD47-4EEB-B4CE-84903FF1369C}.Debug|Any CPU.Build.0 = Debug|Any CPU
		{C1DBE121-FD47-4EEB-B4CE-84903FF1369C}.Release|Any CPU.ActiveCfg = Release|Any CPU
		{C1DBE121-FD47-4EEB-B4CE-84903FF1369C}.Release|Any CPU.Build.0 = Release|Any CPU
		{71B5FF6F-853F-4E0F-B00F-09A98CCA6B66}.Debug|Any CPU.ActiveCfg = Debug|Any CPU
		{71B5FF6F-853F-4E0F-B00F-09A98CCA6B66}.Debug|Any CPU.Build.0 = Debug|Any CPU
		{71B5FF6F-853F-4E0F-B00F-09A98CCA6B66}.Release|Any CPU.ActiveCfg = Release|Any CPU
		{71B5FF6F-853F-4E0F-B00F-09A98CCA6B66}.Release|Any CPU.Build.0 = Release|Any CPU
		{66BACEEB-8287-4764-B6D6-4E5B1FCD001B}.Debug|Any CPU.ActiveCfg = Debug|Any CPU
		{66BACEEB-8287-4764-B6D6-4E5B1FCD001B}.Debug|Any CPU.Build.0 = Debug|Any CPU
		{66BACEEB-8287-4764-B6D6-4E5B1FCD001B}.Release|Any CPU.ActiveCfg = Release|Any CPU
		{66BACEEB-8287-4764-B6D6-4E5B1FCD001B}.Release|Any CPU.Build.0 = Release|Any CPU
		{196CFA52-009F-4568-8BF5-3E8C8A112A42}.Debug|Any CPU.ActiveCfg = Debug|Any CPU
		{196CFA52-009F-4568-8BF5-3E8C8A112A42}.Debug|Any CPU.Build.0 = Debug|Any CPU
		{196CFA52-009F-4568-8BF5-3E8C8A112A42}.Release|Any CPU.ActiveCfg = Release|Any CPU
		{196CFA52-009F-4568-8BF5-3E8C8A112A42}.Release|Any CPU.Build.0 = Release|Any CPU
		{39C98A44-E7D2-4AA0-B676-A8E71FA4CDE8}.Debug|Any CPU.ActiveCfg = Debug|Any CPU
		{39C98A44-E7D2-4AA0-B676-A8E71FA4CDE8}.Debug|Any CPU.Build.0 = Debug|Any CPU
		{39C98A44-E7D2-4AA0-B676-A8E71FA4CDE8}.Release|Any CPU.ActiveCfg = Release|Any CPU
		{39C98A44-E7D2-4AA0-B676-A8E71FA4CDE8}.Release|Any CPU.Build.0 = Release|Any CPU
		{6CB4E7FE-B33A-40DD-995A-25334241958D}.Debug|Any CPU.ActiveCfg = Debug|Any CPU
		{6CB4E7FE-B33A-40DD-995A-25334241958D}.Debug|Any CPU.Build.0 = Debug|Any CPU
		{6CB4E7FE-B33A-40DD-995A-25334241958D}.Release|Any CPU.ActiveCfg = Release|Any CPU
		{6CB4E7FE-B33A-40DD-995A-25334241958D}.Release|Any CPU.Build.0 = Release|Any CPU
		{8C19341C-29E6-4233-87B8-522A569F21B7}.Debug|Any CPU.ActiveCfg = Debug|Any CPU
		{8C19341C-29E6-4233-87B8-522A569F21B7}.Debug|Any CPU.Build.0 = Debug|Any CPU
		{8C19341C-29E6-4233-87B8-522A569F21B7}.Release|Any CPU.ActiveCfg = Release|Any CPU
		{8C19341C-29E6-4233-87B8-522A569F21B7}.Release|Any CPU.Build.0 = Release|Any CPU
		{97116A0B-6A52-4F11-915C-676F6D2AFDEF}.Debug|Any CPU.ActiveCfg = Debug|Any CPU
		{97116A0B-6A52-4F11-915C-676F6D2AFDEF}.Debug|Any CPU.Build.0 = Debug|Any CPU
		{97116A0B-6A52-4F11-915C-676F6D2AFDEF}.Release|Any CPU.ActiveCfg = Release|Any CPU
		{97116A0B-6A52-4F11-915C-676F6D2AFDEF}.Release|Any CPU.Build.0 = Release|Any CPU
		{1373C470-C7F0-4A03-804A-06D7E6DA3F0D}.Debug|Any CPU.ActiveCfg = Debug|Any CPU
		{1373C470-C7F0-4A03-804A-06D7E6DA3F0D}.Debug|Any CPU.Build.0 = Debug|Any CPU
		{1373C470-C7F0-4A03-804A-06D7E6DA3F0D}.Release|Any CPU.ActiveCfg = Release|Any CPU
		{1373C470-C7F0-4A03-804A-06D7E6DA3F0D}.Release|Any CPU.Build.0 = Release|Any CPU
		{A085A8E5-1985-4ECD-A5F7-4754C18A3E1D}.Debug|Any CPU.ActiveCfg = Debug|Any CPU
		{A085A8E5-1985-4ECD-A5F7-4754C18A3E1D}.Debug|Any CPU.Build.0 = Debug|Any CPU
		{A085A8E5-1985-4ECD-A5F7-4754C18A3E1D}.Release|Any CPU.ActiveCfg = Release|Any CPU
		{A085A8E5-1985-4ECD-A5F7-4754C18A3E1D}.Release|Any CPU.Build.0 = Release|Any CPU
		{C4A2C6B3-3878-4EF8-BCA0-984F91C03911}.Debug|Any CPU.ActiveCfg = Debug|Any CPU
		{C4A2C6B3-3878-4EF8-BCA0-984F91C03911}.Debug|Any CPU.Build.0 = Debug|Any CPU
		{C4A2C6B3-3878-4EF8-BCA0-984F91C03911}.Release|Any CPU.ActiveCfg = Release|Any CPU
		{C4A2C6B3-3878-4EF8-BCA0-984F91C03911}.Release|Any CPU.Build.0 = Release|Any CPU
		{6E0BF851-21B3-4AB2-8982-8BCEFDA01E1E}.Debug|Any CPU.ActiveCfg = Debug|Any CPU
		{6E0BF851-21B3-4AB2-8982-8BCEFDA01E1E}.Debug|Any CPU.Build.0 = Debug|Any CPU
		{6E0BF851-21B3-4AB2-8982-8BCEFDA01E1E}.Release|Any CPU.ActiveCfg = Release|Any CPU
		{6E0BF851-21B3-4AB2-8982-8BCEFDA01E1E}.Release|Any CPU.Build.0 = Release|Any CPU
		{00D4F24D-58DB-4E0E-B051-3022AD837107}.Debug|Any CPU.ActiveCfg = Debug|Any CPU
		{00D4F24D-58DB-4E0E-B051-3022AD837107}.Debug|Any CPU.Build.0 = Debug|Any CPU
		{00D4F24D-58DB-4E0E-B051-3022AD837107}.Release|Any CPU.ActiveCfg = Release|Any CPU
		{00D4F24D-58DB-4E0E-B051-3022AD837107}.Release|Any CPU.Build.0 = Release|Any CPU
		{F180CB86-F8F9-44F4-9855-0C5D9A280517}.Debug|Any CPU.ActiveCfg = Debug|Any CPU
		{F180CB86-F8F9-44F4-9855-0C5D9A280517}.Debug|Any CPU.Build.0 = Debug|Any CPU
		{F180CB86-F8F9-44F4-9855-0C5D9A280517}.Release|Any CPU.ActiveCfg = Release|Any CPU
		{F180CB86-F8F9-44F4-9855-0C5D9A280517}.Release|Any CPU.Build.0 = Release|Any CPU
		{8469FC39-E8FC-4953-9F5D-D9970CD33672}.Debug|Any CPU.ActiveCfg = Debug|Any CPU
		{8469FC39-E8FC-4953-9F5D-D9970CD33672}.Debug|Any CPU.Build.0 = Debug|Any CPU
		{8469FC39-E8FC-4953-9F5D-D9970CD33672}.Release|Any CPU.ActiveCfg = Release|Any CPU
		{8469FC39-E8FC-4953-9F5D-D9970CD33672}.Release|Any CPU.Build.0 = Release|Any CPU
		{F208EAED-26AA-40A6-8092-BAE057692D05}.Debug|Any CPU.ActiveCfg = Debug|Any CPU
		{F208EAED-26AA-40A6-8092-BAE057692D05}.Debug|Any CPU.Build.0 = Debug|Any CPU
		{F208EAED-26AA-40A6-8092-BAE057692D05}.Release|Any CPU.ActiveCfg = Release|Any CPU
		{F208EAED-26AA-40A6-8092-BAE057692D05}.Release|Any CPU.Build.0 = Release|Any CPU
		{88CEDE62-CEC4-46F5-9D73-08BAFEA68D79}.Debug|Any CPU.ActiveCfg = Debug|Any CPU
		{88CEDE62-CEC4-46F5-9D73-08BAFEA68D79}.Debug|Any CPU.Build.0 = Debug|Any CPU
		{88CEDE62-CEC4-46F5-9D73-08BAFEA68D79}.Release|Any CPU.ActiveCfg = Release|Any CPU
		{88CEDE62-CEC4-46F5-9D73-08BAFEA68D79}.Release|Any CPU.Build.0 = Release|Any CPU
		{89F7A617-6784-4C18-8BB7-B12957292B4E}.Debug|Any CPU.ActiveCfg = Debug|Any CPU
		{89F7A617-6784-4C18-8BB7-B12957292B4E}.Debug|Any CPU.Build.0 = Debug|Any CPU
		{89F7A617-6784-4C18-8BB7-B12957292B4E}.Release|Any CPU.ActiveCfg = Release|Any CPU
		{89F7A617-6784-4C18-8BB7-B12957292B4E}.Release|Any CPU.Build.0 = Release|Any CPU
		{D260FF67-EC16-4F61-A74B-C78BD8D81DB7}.Debug|Any CPU.ActiveCfg = Debug|Any CPU
		{D260FF67-EC16-4F61-A74B-C78BD8D81DB7}.Debug|Any CPU.Build.0 = Debug|Any CPU
		{D260FF67-EC16-4F61-A74B-C78BD8D81DB7}.Release|Any CPU.ActiveCfg = Release|Any CPU
		{D260FF67-EC16-4F61-A74B-C78BD8D81DB7}.Release|Any CPU.Build.0 = Release|Any CPU
		{526332C7-8698-4F6C-9C8B-6A1F586CED82}.Debug|Any CPU.ActiveCfg = Debug|Any CPU
		{526332C7-8698-4F6C-9C8B-6A1F586CED82}.Debug|Any CPU.Build.0 = Debug|Any CPU
		{526332C7-8698-4F6C-9C8B-6A1F586CED82}.Release|Any CPU.ActiveCfg = Release|Any CPU
		{526332C7-8698-4F6C-9C8B-6A1F586CED82}.Release|Any CPU.Build.0 = Release|Any CPU
		{FC14FDD3-3374-4C3E-A148-BBFDB9C498C7}.Debug|Any CPU.ActiveCfg = Debug|Any CPU
		{FC14FDD3-3374-4C3E-A148-BBFDB9C498C7}.Debug|Any CPU.Build.0 = Debug|Any CPU
		{FC14FDD3-3374-4C3E-A148-BBFDB9C498C7}.Release|Any CPU.ActiveCfg = Release|Any CPU
		{FC14FDD3-3374-4C3E-A148-BBFDB9C498C7}.Release|Any CPU.Build.0 = Release|Any CPU
		{16AD58CC-D1A0-4529-9F93-1FA4B5960A68}.Debug|Any CPU.ActiveCfg = Debug|Any CPU
		{16AD58CC-D1A0-4529-9F93-1FA4B5960A68}.Debug|Any CPU.Build.0 = Debug|Any CPU
		{16AD58CC-D1A0-4529-9F93-1FA4B5960A68}.Release|Any CPU.ActiveCfg = Release|Any CPU
		{16AD58CC-D1A0-4529-9F93-1FA4B5960A68}.Release|Any CPU.Build.0 = Release|Any CPU
		{663EEBF0-48EF-4744-859F-34BC41C5CDD0}.Debug|Any CPU.ActiveCfg = Debug|Any CPU
		{663EEBF0-48EF-4744-859F-34BC41C5CDD0}.Debug|Any CPU.Build.0 = Debug|Any CPU
		{663EEBF0-48EF-4744-859F-34BC41C5CDD0}.Release|Any CPU.ActiveCfg = Release|Any CPU
		{663EEBF0-48EF-4744-859F-34BC41C5CDD0}.Release|Any CPU.Build.0 = Release|Any CPU
		{4014C16E-5A1A-4BCC-B661-D9785DA8281C}.Debug|Any CPU.ActiveCfg = Debug|Any CPU
		{4014C16E-5A1A-4BCC-B661-D9785DA8281C}.Debug|Any CPU.Build.0 = Debug|Any CPU
		{4014C16E-5A1A-4BCC-B661-D9785DA8281C}.Release|Any CPU.ActiveCfg = Release|Any CPU
		{4014C16E-5A1A-4BCC-B661-D9785DA8281C}.Release|Any CPU.Build.0 = Release|Any CPU
		{91683E8C-7312-4309-8DC1-DC129A5C11E6}.Debug|Any CPU.ActiveCfg = Debug|Any CPU
		{91683E8C-7312-4309-8DC1-DC129A5C11E6}.Debug|Any CPU.Build.0 = Debug|Any CPU
		{91683E8C-7312-4309-8DC1-DC129A5C11E6}.Release|Any CPU.ActiveCfg = Release|Any CPU
		{91683E8C-7312-4309-8DC1-DC129A5C11E6}.Release|Any CPU.Build.0 = Release|Any CPU
		{AB776AB7-5E47-4F18-93D3-B6A4E4B1541A}.Debug|Any CPU.ActiveCfg = Debug|Any CPU
		{AB776AB7-5E47-4F18-93D3-B6A4E4B1541A}.Debug|Any CPU.Build.0 = Debug|Any CPU
		{AB776AB7-5E47-4F18-93D3-B6A4E4B1541A}.Release|Any CPU.ActiveCfg = Release|Any CPU
		{AB776AB7-5E47-4F18-93D3-B6A4E4B1541A}.Release|Any CPU.Build.0 = Release|Any CPU
		{57DDBB14-FCF4-43ED-B648-84C2CC376F98}.Debug|Any CPU.ActiveCfg = Debug|Any CPU
		{57DDBB14-FCF4-43ED-B648-84C2CC376F98}.Debug|Any CPU.Build.0 = Debug|Any CPU
		{57DDBB14-FCF4-43ED-B648-84C2CC376F98}.Release|Any CPU.ActiveCfg = Release|Any CPU
		{57DDBB14-FCF4-43ED-B648-84C2CC376F98}.Release|Any CPU.Build.0 = Release|Any CPU
		{9C222507-FC17-437C-8A10-07354A863FF4}.Debug|Any CPU.ActiveCfg = Debug|Any CPU
		{9C222507-FC17-437C-8A10-07354A863FF4}.Debug|Any CPU.Build.0 = Debug|Any CPU
		{9C222507-FC17-437C-8A10-07354A863FF4}.Release|Any CPU.ActiveCfg = Release|Any CPU
		{9C222507-FC17-437C-8A10-07354A863FF4}.Release|Any CPU.Build.0 = Release|Any CPU
		{EE3F6C32-EF68-4927-B966-6E418BAACC22}.Debug|Any CPU.ActiveCfg = Debug|Any CPU
		{EE3F6C32-EF68-4927-B966-6E418BAACC22}.Debug|Any CPU.Build.0 = Debug|Any CPU
		{EE3F6C32-EF68-4927-B966-6E418BAACC22}.Release|Any CPU.ActiveCfg = Release|Any CPU
		{EE3F6C32-EF68-4927-B966-6E418BAACC22}.Release|Any CPU.Build.0 = Release|Any CPU
		{03E1DFF5-07B8-471A-BD2E-91CFBE8777EF}.Debug|Any CPU.ActiveCfg = Debug|Any CPU
		{03E1DFF5-07B8-471A-BD2E-91CFBE8777EF}.Debug|Any CPU.Build.0 = Debug|Any CPU
		{03E1DFF5-07B8-471A-BD2E-91CFBE8777EF}.Release|Any CPU.ActiveCfg = Release|Any CPU
		{03E1DFF5-07B8-471A-BD2E-91CFBE8777EF}.Release|Any CPU.Build.0 = Release|Any CPU
		{3A5EDD09-6500-4AF7-9167-7CFAA718505D}.Debug|Any CPU.ActiveCfg = Debug|Any CPU
		{3A5EDD09-6500-4AF7-9167-7CFAA718505D}.Debug|Any CPU.Build.0 = Debug|Any CPU
		{3A5EDD09-6500-4AF7-9167-7CFAA718505D}.Release|Any CPU.ActiveCfg = Release|Any CPU
		{3A5EDD09-6500-4AF7-9167-7CFAA718505D}.Release|Any CPU.Build.0 = Release|Any CPU
		{F96514BF-3789-4612-A000-80171BB750A1}.Debug|Any CPU.ActiveCfg = Debug|Any CPU
		{F96514BF-3789-4612-A000-80171BB750A1}.Debug|Any CPU.Build.0 = Debug|Any CPU
		{F96514BF-3789-4612-A000-80171BB750A1}.Release|Any CPU.ActiveCfg = Release|Any CPU
		{F96514BF-3789-4612-A000-80171BB750A1}.Release|Any CPU.Build.0 = Release|Any CPU
		{F64727CB-8166-4A03-A91C-295223D736B1}.Debug|Any CPU.ActiveCfg = Debug|Any CPU
		{F64727CB-8166-4A03-A91C-295223D736B1}.Debug|Any CPU.Build.0 = Debug|Any CPU
		{F64727CB-8166-4A03-A91C-295223D736B1}.Release|Any CPU.ActiveCfg = Release|Any CPU
		{F64727CB-8166-4A03-A91C-295223D736B1}.Release|Any CPU.Build.0 = Release|Any CPU
		{7813F48D-9BEE-4CBD-8AB3-9C46C7208FFA}.Debug|Any CPU.ActiveCfg = Debug|Any CPU
		{7813F48D-9BEE-4CBD-8AB3-9C46C7208FFA}.Debug|Any CPU.Build.0 = Debug|Any CPU
		{7813F48D-9BEE-4CBD-8AB3-9C46C7208FFA}.Release|Any CPU.ActiveCfg = Release|Any CPU
		{7813F48D-9BEE-4CBD-8AB3-9C46C7208FFA}.Release|Any CPU.Build.0 = Release|Any CPU
		{6873E5EC-98C6-4F18-8FF2-6FA5924A8353}.Debug|Any CPU.ActiveCfg = Debug|Any CPU
		{6873E5EC-98C6-4F18-8FF2-6FA5924A8353}.Debug|Any CPU.Build.0 = Debug|Any CPU
		{6873E5EC-98C6-4F18-8FF2-6FA5924A8353}.Release|Any CPU.ActiveCfg = Release|Any CPU
		{6873E5EC-98C6-4F18-8FF2-6FA5924A8353}.Release|Any CPU.Build.0 = Release|Any CPU
		{98C39B7B-656D-401C-AF36-E1F3C28CF671}.Debug|Any CPU.ActiveCfg = Debug|Any CPU
		{98C39B7B-656D-401C-AF36-E1F3C28CF671}.Debug|Any CPU.Build.0 = Debug|Any CPU
		{98C39B7B-656D-401C-AF36-E1F3C28CF671}.Release|Any CPU.ActiveCfg = Release|Any CPU
		{98C39B7B-656D-401C-AF36-E1F3C28CF671}.Release|Any CPU.Build.0 = Release|Any CPU
		{36A0DBFF-5FE0-43C6-B991-0EFB8A8EE291}.Debug|Any CPU.ActiveCfg = Debug|Any CPU
		{36A0DBFF-5FE0-43C6-B991-0EFB8A8EE291}.Debug|Any CPU.Build.0 = Debug|Any CPU
		{36A0DBFF-5FE0-43C6-B991-0EFB8A8EE291}.Release|Any CPU.ActiveCfg = Release|Any CPU
		{36A0DBFF-5FE0-43C6-B991-0EFB8A8EE291}.Release|Any CPU.Build.0 = Release|Any CPU
		{4C2C5E80-B5D1-4406-A9E1-8C0B77AB6ACC}.Debug|Any CPU.ActiveCfg = Debug|Any CPU
		{4C2C5E80-B5D1-4406-A9E1-8C0B77AB6ACC}.Debug|Any CPU.Build.0 = Debug|Any CPU
		{4C2C5E80-B5D1-4406-A9E1-8C0B77AB6ACC}.Release|Any CPU.ActiveCfg = Release|Any CPU
		{4C2C5E80-B5D1-4406-A9E1-8C0B77AB6ACC}.Release|Any CPU.Build.0 = Release|Any CPU
		{0231AFB7-D536-4EF9-9D51-B032A103920B}.Debug|Any CPU.ActiveCfg = Debug|Any CPU
		{0231AFB7-D536-4EF9-9D51-B032A103920B}.Debug|Any CPU.Build.0 = Debug|Any CPU
		{0231AFB7-D536-4EF9-9D51-B032A103920B}.Release|Any CPU.ActiveCfg = Release|Any CPU
		{0231AFB7-D536-4EF9-9D51-B032A103920B}.Release|Any CPU.Build.0 = Release|Any CPU
		{4CC13C53-EAD6-4733-99CF-845DA9AE06FB}.Debug|Any CPU.ActiveCfg = Debug|Any CPU
		{4CC13C53-EAD6-4733-99CF-845DA9AE06FB}.Debug|Any CPU.Build.0 = Debug|Any CPU
		{4CC13C53-EAD6-4733-99CF-845DA9AE06FB}.Release|Any CPU.ActiveCfg = Release|Any CPU
		{4CC13C53-EAD6-4733-99CF-845DA9AE06FB}.Release|Any CPU.Build.0 = Release|Any CPU
		{BFEF060B-33D9-49D9-88A9-D0F9AB1CAE52}.Debug|Any CPU.ActiveCfg = Debug|Any CPU
		{BFEF060B-33D9-49D9-88A9-D0F9AB1CAE52}.Debug|Any CPU.Build.0 = Debug|Any CPU
		{BFEF060B-33D9-49D9-88A9-D0F9AB1CAE52}.Release|Any CPU.ActiveCfg = Release|Any CPU
		{BFEF060B-33D9-49D9-88A9-D0F9AB1CAE52}.Release|Any CPU.Build.0 = Release|Any CPU
		{EFEE41A2-252D-413C-ACCC-52D7E38AC4F9}.Debug|Any CPU.ActiveCfg = Debug|Any CPU
		{EFEE41A2-252D-413C-ACCC-52D7E38AC4F9}.Debug|Any CPU.Build.0 = Debug|Any CPU
		{EFEE41A2-252D-413C-ACCC-52D7E38AC4F9}.Release|Any CPU.ActiveCfg = Release|Any CPU
		{EFEE41A2-252D-413C-ACCC-52D7E38AC4F9}.Release|Any CPU.Build.0 = Release|Any CPU
		{D32B9E85-6FC8-4F12-97B0-8DC55CA79628}.Debug|Any CPU.ActiveCfg = Debug|Any CPU
		{D32B9E85-6FC8-4F12-97B0-8DC55CA79628}.Debug|Any CPU.Build.0 = Debug|Any CPU
		{D32B9E85-6FC8-4F12-97B0-8DC55CA79628}.Release|Any CPU.ActiveCfg = Release|Any CPU
		{D32B9E85-6FC8-4F12-97B0-8DC55CA79628}.Release|Any CPU.Build.0 = Release|Any CPU
		{3EB5ECC5-57F7-40E9-948A-CC8B26949ED9}.Debug|Any CPU.ActiveCfg = Debug|Any CPU
		{3EB5ECC5-57F7-40E9-948A-CC8B26949ED9}.Debug|Any CPU.Build.0 = Debug|Any CPU
		{3EB5ECC5-57F7-40E9-948A-CC8B26949ED9}.Release|Any CPU.ActiveCfg = Release|Any CPU
		{3EB5ECC5-57F7-40E9-948A-CC8B26949ED9}.Release|Any CPU.Build.0 = Release|Any CPU
		{ED0E4EBB-F14C-4D16-B868-59D48D000787}.Debug|Any CPU.ActiveCfg = Debug|Any CPU
		{ED0E4EBB-F14C-4D16-B868-59D48D000787}.Debug|Any CPU.Build.0 = Debug|Any CPU
		{ED0E4EBB-F14C-4D16-B868-59D48D000787}.Release|Any CPU.ActiveCfg = Release|Any CPU
		{ED0E4EBB-F14C-4D16-B868-59D48D000787}.Release|Any CPU.Build.0 = Release|Any CPU
		{C9C00413-3B43-4925-A940-92F2798B814F}.Debug|Any CPU.ActiveCfg = Debug|Any CPU
		{C9C00413-3B43-4925-A940-92F2798B814F}.Debug|Any CPU.Build.0 = Debug|Any CPU
		{C9C00413-3B43-4925-A940-92F2798B814F}.Release|Any CPU.ActiveCfg = Release|Any CPU
		{C9C00413-3B43-4925-A940-92F2798B814F}.Release|Any CPU.Build.0 = Release|Any CPU
		{100E485D-6A95-4666-955E-987236C84AD4}.Debug|Any CPU.ActiveCfg = Debug|Any CPU
		{100E485D-6A95-4666-955E-987236C84AD4}.Debug|Any CPU.Build.0 = Debug|Any CPU
		{100E485D-6A95-4666-955E-987236C84AD4}.Release|Any CPU.ActiveCfg = Release|Any CPU
		{100E485D-6A95-4666-955E-987236C84AD4}.Release|Any CPU.Build.0 = Release|Any CPU
		{A88BF1E9-E3FE-4293-8502-74D9E3D66375}.Debug|Any CPU.ActiveCfg = Debug|Any CPU
		{A88BF1E9-E3FE-4293-8502-74D9E3D66375}.Debug|Any CPU.Build.0 = Debug|Any CPU
		{A88BF1E9-E3FE-4293-8502-74D9E3D66375}.Release|Any CPU.ActiveCfg = Release|Any CPU
		{A88BF1E9-E3FE-4293-8502-74D9E3D66375}.Release|Any CPU.Build.0 = Release|Any CPU
		{0081C6BD-87DF-404D-82E5-E4353BA6FCFF}.Debug|Any CPU.ActiveCfg = Debug|Any CPU
		{0081C6BD-87DF-404D-82E5-E4353BA6FCFF}.Debug|Any CPU.Build.0 = Debug|Any CPU
		{0081C6BD-87DF-404D-82E5-E4353BA6FCFF}.Release|Any CPU.ActiveCfg = Release|Any CPU
		{0081C6BD-87DF-404D-82E5-E4353BA6FCFF}.Release|Any CPU.Build.0 = Release|Any CPU
		{36F37DD3-AA67-45E1-840B-2EECC297F0AF}.Debug|Any CPU.ActiveCfg = Debug|Any CPU
		{36F37DD3-AA67-45E1-840B-2EECC297F0AF}.Debug|Any CPU.Build.0 = Debug|Any CPU
		{36F37DD3-AA67-45E1-840B-2EECC297F0AF}.Release|Any CPU.ActiveCfg = Release|Any CPU
		{36F37DD3-AA67-45E1-840B-2EECC297F0AF}.Release|Any CPU.Build.0 = Release|Any CPU
		{E96BD614-962E-4777-AF35-8679D70DC106}.Debug|Any CPU.ActiveCfg = Debug|Any CPU
		{E96BD614-962E-4777-AF35-8679D70DC106}.Debug|Any CPU.Build.0 = Debug|Any CPU
		{E96BD614-962E-4777-AF35-8679D70DC106}.Release|Any CPU.ActiveCfg = Release|Any CPU
		{E96BD614-962E-4777-AF35-8679D70DC106}.Release|Any CPU.Build.0 = Release|Any CPU
		{6935D68C-490C-4707-A68E-F20423E4A444}.Debug|Any CPU.ActiveCfg = Debug|Any CPU
		{6935D68C-490C-4707-A68E-F20423E4A444}.Debug|Any CPU.Build.0 = Debug|Any CPU
		{6935D68C-490C-4707-A68E-F20423E4A444}.Release|Any CPU.ActiveCfg = Release|Any CPU
		{6935D68C-490C-4707-A68E-F20423E4A444}.Release|Any CPU.Build.0 = Release|Any CPU
		{CBA2FC20-160D-4B3E-99B3-22662C927640}.Debug|Any CPU.ActiveCfg = Debug|Any CPU
		{CBA2FC20-160D-4B3E-99B3-22662C927640}.Debug|Any CPU.Build.0 = Debug|Any CPU
		{CBA2FC20-160D-4B3E-99B3-22662C927640}.Release|Any CPU.ActiveCfg = Release|Any CPU
		{CBA2FC20-160D-4B3E-99B3-22662C927640}.Release|Any CPU.Build.0 = Release|Any CPU
		{DF6CEB41-3A04-4047-886E-B58CAC68225A}.Debug|Any CPU.ActiveCfg = Debug|Any CPU
		{DF6CEB41-3A04-4047-886E-B58CAC68225A}.Debug|Any CPU.Build.0 = Debug|Any CPU
		{DF6CEB41-3A04-4047-886E-B58CAC68225A}.Release|Any CPU.ActiveCfg = Release|Any CPU
		{DF6CEB41-3A04-4047-886E-B58CAC68225A}.Release|Any CPU.Build.0 = Release|Any CPU
		{F9A50CAA-4E81-4C2E-B5F1-747FFA878B83}.Debug|Any CPU.ActiveCfg = Debug|Any CPU
		{F9A50CAA-4E81-4C2E-B5F1-747FFA878B83}.Debug|Any CPU.Build.0 = Debug|Any CPU
		{F9A50CAA-4E81-4C2E-B5F1-747FFA878B83}.Release|Any CPU.ActiveCfg = Release|Any CPU
		{F9A50CAA-4E81-4C2E-B5F1-747FFA878B83}.Release|Any CPU.Build.0 = Release|Any CPU
		{2FF34924-40E9-4A26-AE9B-F86C695BB4E6}.Debug|Any CPU.ActiveCfg = Debug|Any CPU
		{2FF34924-40E9-4A26-AE9B-F86C695BB4E6}.Debug|Any CPU.Build.0 = Debug|Any CPU
		{2FF34924-40E9-4A26-AE9B-F86C695BB4E6}.Release|Any CPU.ActiveCfg = Release|Any CPU
		{2FF34924-40E9-4A26-AE9B-F86C695BB4E6}.Release|Any CPU.Build.0 = Release|Any CPU
		{9F8D6EC1-F7EB-4C05-AD87-4DF3E5998FCB}.Debug|Any CPU.ActiveCfg = Debug|Any CPU
		{9F8D6EC1-F7EB-4C05-AD87-4DF3E5998FCB}.Debug|Any CPU.Build.0 = Debug|Any CPU
		{9F8D6EC1-F7EB-4C05-AD87-4DF3E5998FCB}.Release|Any CPU.ActiveCfg = Release|Any CPU
		{9F8D6EC1-F7EB-4C05-AD87-4DF3E5998FCB}.Release|Any CPU.Build.0 = Release|Any CPU
		{5D62F596-8E15-4EE6-AAA7-051C422CBA7C}.Debug|Any CPU.ActiveCfg = Debug|Any CPU
		{5D62F596-8E15-4EE6-AAA7-051C422CBA7C}.Debug|Any CPU.Build.0 = Debug|Any CPU
		{5D62F596-8E15-4EE6-AAA7-051C422CBA7C}.Release|Any CPU.ActiveCfg = Release|Any CPU
		{5D62F596-8E15-4EE6-AAA7-051C422CBA7C}.Release|Any CPU.Build.0 = Release|Any CPU
		{1D1A5DDB-9EA0-42DF-B7C2-B698EF2F5166}.Debug|Any CPU.ActiveCfg = Debug|Any CPU
		{1D1A5DDB-9EA0-42DF-B7C2-B698EF2F5166}.Debug|Any CPU.Build.0 = Debug|Any CPU
		{1D1A5DDB-9EA0-42DF-B7C2-B698EF2F5166}.Release|Any CPU.ActiveCfg = Release|Any CPU
		{1D1A5DDB-9EA0-42DF-B7C2-B698EF2F5166}.Release|Any CPU.Build.0 = Release|Any CPU
		{B3D1D8AB-F9F2-422B-A4C6-59E211BF0DFC}.Debug|Any CPU.ActiveCfg = Debug|Any CPU
		{B3D1D8AB-F9F2-422B-A4C6-59E211BF0DFC}.Debug|Any CPU.Build.0 = Debug|Any CPU
		{B3D1D8AB-F9F2-422B-A4C6-59E211BF0DFC}.Release|Any CPU.ActiveCfg = Release|Any CPU
		{B3D1D8AB-F9F2-422B-A4C6-59E211BF0DFC}.Release|Any CPU.Build.0 = Release|Any CPU
	EndGlobalSection
	GlobalSection(SolutionProperties) = preSolution
		HideSolutionNode = FALSE
	EndGlobalSection
	GlobalSection(NestedProjects) = preSolution
		{69423C01-2301-4D2C-BBF8-189EFF10CF22} = {8EFFBC41-2278-4918-98CB-D30D09AEBB54}
		{A6B4103C-C3F4-497F-9EB2-22292FC1DA8F} = {F2017730-4BC1-4C19-BBF1-CB60B23BC5BA}
		{AC908107-DA46-4479-B31D-16400768806A} = {F2017730-4BC1-4C19-BBF1-CB60B23BC5BA}
		{950D2381-1971-41AE-ACE3-493287AC46D9} = {F2017730-4BC1-4C19-BBF1-CB60B23BC5BA}
		{8D6D24E0-FE7A-4C8E-A9C4-25EA2E228A5B} = {F2017730-4BC1-4C19-BBF1-CB60B23BC5BA}
		{AE8E399A-0257-46BD-90DC-17299290F487} = {10F62EE8-2FFB-43C5-9DB4-3C880446DDCD}
		{1AA9073F-0890-4A3E-B769-DD349D25FC16} = {10F62EE8-2FFB-43C5-9DB4-3C880446DDCD}
		{DECDF260-6CB2-4E7B-A181-0D7962F469C4} = {10F62EE8-2FFB-43C5-9DB4-3C880446DDCD}
		{B61FB342-9371-447D-B989-CD82345018F9} = {10F62EE8-2FFB-43C5-9DB4-3C880446DDCD}
		{1E50880F-398F-4E3B-9FBE-F77B20FA01E0} = {10F62EE8-2FFB-43C5-9DB4-3C880446DDCD}
		{3E056164-8EFB-4CA3-9BDD-A2A34F024120} = {10F62EE8-2FFB-43C5-9DB4-3C880446DDCD}
		{DD3F9DB3-8F93-4055-9F44-8B25C1595C96} = {10F62EE8-2FFB-43C5-9DB4-3C880446DDCD}
		{995BA7F5-8AD9-4B8B-9B50-798DAEF17CE6} = {10F62EE8-2FFB-43C5-9DB4-3C880446DDCD}
		{E201C989-F250-4D0E-A6CA-CBE432A1259C} = {10F62EE8-2FFB-43C5-9DB4-3C880446DDCD}
		{16843B5A-2280-4B6F-9C19-F4EA19344B3F} = {10F62EE8-2FFB-43C5-9DB4-3C880446DDCD}
		{78660F98-C59C-425E-B6ED-8C2ED41DB5D9} = {10F62EE8-2FFB-43C5-9DB4-3C880446DDCD}
		{2DA788E8-C262-4B53-802A-6A67874C6136} = {10F62EE8-2FFB-43C5-9DB4-3C880446DDCD}
		{B70DE19F-ECAC-47F0-A359-6CDEFE317A91} = {10F62EE8-2FFB-43C5-9DB4-3C880446DDCD}
		{03E8672D-5394-4296-840E-D6C70EB5E70B} = {10F62EE8-2FFB-43C5-9DB4-3C880446DDCD}
		{62E454BE-03EE-455E-A046-680A39712C22} = {BFFDD597-EF16-4F3A-9620-6BA4CC38F684}
		{64031949-C0AB-47DE-9621-8E9F65C672B2} = {BFFDD597-EF16-4F3A-9620-6BA4CC38F684}
		{0BD37145-EDB9-414F-B332-8BA2164163AA} = {BFFDD597-EF16-4F3A-9620-6BA4CC38F684}
		{6344C232-EB1F-4AFA-B417-AE81A13C4DEE} = {BFFDD597-EF16-4F3A-9620-6BA4CC38F684}
		{252F97E2-DC37-447B-8D0F-A8A6E3963181} = {BFFDD597-EF16-4F3A-9620-6BA4CC38F684}
		{3B3F93DE-0809-43D2-ADF2-990988EF09B5} = {BFFDD597-EF16-4F3A-9620-6BA4CC38F684}
		{28C19989-442E-4D5F-B6B8-A5F7759F9422} = {BFFDD597-EF16-4F3A-9620-6BA4CC38F684}
		{C1DBE121-FD47-4EEB-B4CE-84903FF1369C} = {BFFDD597-EF16-4F3A-9620-6BA4CC38F684}
		{71B5FF6F-853F-4E0F-B00F-09A98CCA6B66} = {BFFDD597-EF16-4F3A-9620-6BA4CC38F684}
		{66BACEEB-8287-4764-B6D6-4E5B1FCD001B} = {BFFDD597-EF16-4F3A-9620-6BA4CC38F684}
		{196CFA52-009F-4568-8BF5-3E8C8A112A42} = {BFFDD597-EF16-4F3A-9620-6BA4CC38F684}
		{39C98A44-E7D2-4AA0-B676-A8E71FA4CDE8} = {BFFDD597-EF16-4F3A-9620-6BA4CC38F684}
		{6CB4E7FE-B33A-40DD-995A-25334241958D} = {B046B15A-FA51-4042-9F78-115275DA816A}
		{8C19341C-29E6-4233-87B8-522A569F21B7} = {B046B15A-FA51-4042-9F78-115275DA816A}
		{97116A0B-6A52-4F11-915C-676F6D2AFDEF} = {B046B15A-FA51-4042-9F78-115275DA816A}
		{1373C470-C7F0-4A03-804A-06D7E6DA3F0D} = {B046B15A-FA51-4042-9F78-115275DA816A}
		{A085A8E5-1985-4ECD-A5F7-4754C18A3E1D} = {B046B15A-FA51-4042-9F78-115275DA816A}
		{C4A2C6B3-3878-4EF8-BCA0-984F91C03911} = {B046B15A-FA51-4042-9F78-115275DA816A}
		{6E0BF851-21B3-4AB2-8982-8BCEFDA01E1E} = {B046B15A-FA51-4042-9F78-115275DA816A}
		{00D4F24D-58DB-4E0E-B051-3022AD837107} = {B046B15A-FA51-4042-9F78-115275DA816A}
		{F180CB86-F8F9-44F4-9855-0C5D9A280517} = {B046B15A-FA51-4042-9F78-115275DA816A}
		{8469FC39-E8FC-4953-9F5D-D9970CD33672} = {B046B15A-FA51-4042-9F78-115275DA816A}
		{F208EAED-26AA-40A6-8092-BAE057692D05} = {B046B15A-FA51-4042-9F78-115275DA816A}
		{88CEDE62-CEC4-46F5-9D73-08BAFEA68D79} = {B046B15A-FA51-4042-9F78-115275DA816A}
		{89F7A617-6784-4C18-8BB7-B12957292B4E} = {B046B15A-FA51-4042-9F78-115275DA816A}
		{D260FF67-EC16-4F61-A74B-C78BD8D81DB7} = {B046B15A-FA51-4042-9F78-115275DA816A}
		{526332C7-8698-4F6C-9C8B-6A1F586CED82} = {B046B15A-FA51-4042-9F78-115275DA816A}
		{FC14FDD3-3374-4C3E-A148-BBFDB9C498C7} = {99C73CF3-0CD7-4C9A-8F7D-3B478CA95DA7}
		{16AD58CC-D1A0-4529-9F93-1FA4B5960A68} = {99C73CF3-0CD7-4C9A-8F7D-3B478CA95DA7}
		{663EEBF0-48EF-4744-859F-34BC41C5CDD0} = {99C73CF3-0CD7-4C9A-8F7D-3B478CA95DA7}
		{4014C16E-5A1A-4BCC-B661-D9785DA8281C} = {99C73CF3-0CD7-4C9A-8F7D-3B478CA95DA7}
		{91683E8C-7312-4309-8DC1-DC129A5C11E6} = {99C73CF3-0CD7-4C9A-8F7D-3B478CA95DA7}
		{AB776AB7-5E47-4F18-93D3-B6A4E4B1541A} = {99C73CF3-0CD7-4C9A-8F7D-3B478CA95DA7}
		{57DDBB14-FCF4-43ED-B648-84C2CC376F98} = {99C73CF3-0CD7-4C9A-8F7D-3B478CA95DA7}
		{9C222507-FC17-437C-8A10-07354A863FF4} = {99C73CF3-0CD7-4C9A-8F7D-3B478CA95DA7}
		{EE3F6C32-EF68-4927-B966-6E418BAACC22} = {99C73CF3-0CD7-4C9A-8F7D-3B478CA95DA7}
		{03E1DFF5-07B8-471A-BD2E-91CFBE8777EF} = {90877942-CFF0-4795-94D2-73503711EF52}
		{3A5EDD09-6500-4AF7-9167-7CFAA718505D} = {90877942-CFF0-4795-94D2-73503711EF52}
		{F96514BF-3789-4612-A000-80171BB750A1} = {90877942-CFF0-4795-94D2-73503711EF52}
		{F64727CB-8166-4A03-A91C-295223D736B1} = {90877942-CFF0-4795-94D2-73503711EF52}
		{7813F48D-9BEE-4CBD-8AB3-9C46C7208FFA} = {90877942-CFF0-4795-94D2-73503711EF52}
		{6873E5EC-98C6-4F18-8FF2-6FA5924A8353} = {90877942-CFF0-4795-94D2-73503711EF52}
		{98C39B7B-656D-401C-AF36-E1F3C28CF671} = {90877942-CFF0-4795-94D2-73503711EF52}
		{36A0DBFF-5FE0-43C6-B991-0EFB8A8EE291} = {90877942-CFF0-4795-94D2-73503711EF52}
		{4C2C5E80-B5D1-4406-A9E1-8C0B77AB6ACC} = {A7B47BE4-9A33-4EA3-B802-8ABE90503861}
		{0231AFB7-D536-4EF9-9D51-B032A103920B} = {A7B47BE4-9A33-4EA3-B802-8ABE90503861}
		{4CC13C53-EAD6-4733-99CF-845DA9AE06FB} = {A7B47BE4-9A33-4EA3-B802-8ABE90503861}
		{BFEF060B-33D9-49D9-88A9-D0F9AB1CAE52} = {A7B47BE4-9A33-4EA3-B802-8ABE90503861}
		{EFEE41A2-252D-413C-ACCC-52D7E38AC4F9} = {A7B47BE4-9A33-4EA3-B802-8ABE90503861}
		{D32B9E85-6FC8-4F12-97B0-8DC55CA79628} = {A7B47BE4-9A33-4EA3-B802-8ABE90503861}
		{3EB5ECC5-57F7-40E9-948A-CC8B26949ED9} = {A7B47BE4-9A33-4EA3-B802-8ABE90503861}
		{ED0E4EBB-F14C-4D16-B868-59D48D000787} = {A7B47BE4-9A33-4EA3-B802-8ABE90503861}
		{C9C00413-3B43-4925-A940-92F2798B814F} = {A7B47BE4-9A33-4EA3-B802-8ABE90503861}
		{100E485D-6A95-4666-955E-987236C84AD4} = {DCEF895A-A943-4F6B-AFF6-6A9ED89E1C1E}
		{A88BF1E9-E3FE-4293-8502-74D9E3D66375} = {DCEF895A-A943-4F6B-AFF6-6A9ED89E1C1E}
		{0081C6BD-87DF-404D-82E5-E4353BA6FCFF} = {DCEF895A-A943-4F6B-AFF6-6A9ED89E1C1E}
		{36F37DD3-AA67-45E1-840B-2EECC297F0AF} = {DCEF895A-A943-4F6B-AFF6-6A9ED89E1C1E}
		{E96BD614-962E-4777-AF35-8679D70DC106} = {DCEF895A-A943-4F6B-AFF6-6A9ED89E1C1E}
		{6935D68C-490C-4707-A68E-F20423E4A444} = {DCEF895A-A943-4F6B-AFF6-6A9ED89E1C1E}
		{CBA2FC20-160D-4B3E-99B3-22662C927640} = {DCEF895A-A943-4F6B-AFF6-6A9ED89E1C1E}
		{DF6CEB41-3A04-4047-886E-B58CAC68225A} = {DCEF895A-A943-4F6B-AFF6-6A9ED89E1C1E}
		{F9A50CAA-4E81-4C2E-B5F1-747FFA878B83} = {DCEF895A-A943-4F6B-AFF6-6A9ED89E1C1E}
		{2FF34924-40E9-4A26-AE9B-F86C695BB4E6} = {8EFFBC41-2278-4918-98CB-D30D09AEBB54}
		{9F8D6EC1-F7EB-4C05-AD87-4DF3E5998FCB} = {8EFFBC41-2278-4918-98CB-D30D09AEBB54}
		{5D62F596-8E15-4EE6-AAA7-051C422CBA7C} = {8EFFBC41-2278-4918-98CB-D30D09AEBB54}
		{1D1A5DDB-9EA0-42DF-B7C2-B698EF2F5166} = {8EFFBC41-2278-4918-98CB-D30D09AEBB54}
		{B3D1D8AB-F9F2-422B-A4C6-59E211BF0DFC} = {8EFFBC41-2278-4918-98CB-D30D09AEBB54}
	EndGlobalSection
	GlobalSection(ExtensibilityGlobals) = postSolution
		SolutionGuid = {773B7222-A349-44FF-924A-7D35138CB84A}
	EndGlobalSection
EndGlobal
